
Microsoft Visual Studio Solution File, Format Version 12.00
# Visual Studio 15
VisualStudioVersion = 15.0.27703.1
MinimumVisualStudioVersion = 10.0.40219.1
Project("{FAE04EC0-301F-11D3-BF4B-00C04F79EFBC}") = "App02_TipoPaginaXF.Android", "App02_TipoPaginaXF\App02_TipoPaginaXF.Android\App02_TipoPaginaXF.Android.csproj", "{CA17B078-7442-4BD4-B91E-2119F4779BC4}"
EndProject
Project("{FAE04EC0-301F-11D3-BF4B-00C04F79EFBC}") = "App02_TipoPaginaXF.iOS", "App02_TipoPaginaXF\App02_TipoPaginaXF.iOS\App02_TipoPaginaXF.iOS.csproj", "{BBBDC4D0-1720-4974-AE0D-3544C10AC7EC}"
EndProject
Project("{FAE04EC0-301F-11D3-BF4B-00C04F79EFBC}") = "App02_TipoPaginaXF.UWP", "App02_TipoPaginaXF\App02_TipoPaginaXF.UWP\App02_TipoPaginaXF.UWP.csproj", "{7896BAD4-9C5D-451C-A639-94171C281901}"
EndProject
Project("{FAE04EC0-301F-11D3-BF4B-00C04F79EFBC}") = "App02_TipoPaginaXF", "App02_TipoPaginaXF\App02_TipoPaginaXF\App02_TipoPaginaXF.csproj", "{9D2B9822-A78B-4F01-A9A2-117447817763}"
EndProject
Global
	GlobalSection(SolutionConfigurationPlatforms) = preSolution
		Ad-Hoc|Any CPU = Ad-Hoc|Any CPU
		Ad-Hoc|ARM = Ad-Hoc|ARM
		Ad-Hoc|iPhone = Ad-Hoc|iPhone
		Ad-Hoc|iPhoneSimulator = Ad-Hoc|iPhoneSimulator
		Ad-Hoc|x64 = Ad-Hoc|x64
		Ad-Hoc|x86 = Ad-Hoc|x86
		AppStore|Any CPU = AppStore|Any CPU
		AppStore|ARM = AppStore|ARM
		AppStore|iPhone = AppStore|iPhone
		AppStore|iPhoneSimulator = AppStore|iPhoneSimulator
		AppStore|x64 = AppStore|x64
		AppStore|x86 = AppStore|x86
		Debug|Any CPU = Debug|Any CPU
		Debug|ARM = Debug|ARM
		Debug|iPhone = Debug|iPhone
		Debug|iPhoneSimulator = Debug|iPhoneSimulator
		Debug|x64 = Debug|x64
		Debug|x86 = Debug|x86
		Release|Any CPU = Release|Any CPU
		Release|ARM = Release|ARM
		Release|iPhone = Release|iPhone
		Release|iPhoneSimulator = Release|iPhoneSimulator
		Release|x64 = Release|x64
		Release|x86 = Release|x86
	EndGlobalSection
	GlobalSection(ProjectConfigurationPlatforms) = postSolution
		{CA17B078-7442-4BD4-B91E-2119F4779BC4}.Ad-Hoc|Any CPU.ActiveCfg = Release|Any CPU
		{CA17B078-7442-4BD4-B91E-2119F4779BC4}.Ad-Hoc|Any CPU.Build.0 = Release|Any CPU
		{CA17B078-7442-4BD4-B91E-2119F4779BC4}.Ad-Hoc|Any CPU.Deploy.0 = Release|Any CPU
		{CA17B078-7442-4BD4-B91E-2119F4779BC4}.Ad-Hoc|ARM.ActiveCfg = Release|Any CPU
		{CA17B078-7442-4BD4-B91E-2119F4779BC4}.Ad-Hoc|ARM.Build.0 = Release|Any CPU
		{CA17B078-7442-4BD4-B91E-2119F4779BC4}.Ad-Hoc|ARM.Deploy.0 = Release|Any CPU
		{CA17B078-7442-4BD4-B91E-2119F4779BC4}.Ad-Hoc|iPhone.ActiveCfg = Release|Any CPU
		{CA17B078-7442-4BD4-B91E-2119F4779BC4}.Ad-Hoc|iPhone.Build.0 = Release|Any CPU
		{CA17B078-7442-4BD4-B91E-2119F4779BC4}.Ad-Hoc|iPhone.Deploy.0 = Release|Any CPU
		{CA17B078-7442-4BD4-B91E-2119F4779BC4}.Ad-Hoc|iPhoneSimulator.ActiveCfg = Release|Any CPU
		{CA17B078-7442-4BD4-B91E-2119F4779BC4}.Ad-Hoc|iPhoneSimulator.Build.0 = Release|Any CPU
		{CA17B078-7442-4BD4-B91E-2119F4779BC4}.Ad-Hoc|iPhoneSimulator.Deploy.0 = Release|Any CPU
		{CA17B078-7442-4BD4-B91E-2119F4779BC4}.Ad-Hoc|x64.ActiveCfg = Release|Any CPU
		{CA17B078-7442-4BD4-B91E-2119F4779BC4}.Ad-Hoc|x64.Build.0 = Release|Any CPU
		{CA17B078-7442-4BD4-B91E-2119F4779BC4}.Ad-Hoc|x64.Deploy.0 = Release|Any CPU
		{CA17B078-7442-4BD4-B91E-2119F4779BC4}.Ad-Hoc|x86.ActiveCfg = Release|Any CPU
		{CA17B078-7442-4BD4-B91E-2119F4779BC4}.Ad-Hoc|x86.Build.0 = Release|Any CPU
		{CA17B078-7442-4BD4-B91E-2119F4779BC4}.Ad-Hoc|x86.Deploy.0 = Release|Any CPU
		{CA17B078-7442-4BD4-B91E-2119F4779BC4}.AppStore|Any CPU.ActiveCfg = Release|Any CPU
		{CA17B078-7442-4BD4-B91E-2119F4779BC4}.AppStore|Any CPU.Build.0 = Release|Any CPU
		{CA17B078-7442-4BD4-B91E-2119F4779BC4}.AppStore|Any CPU.Deploy.0 = Release|Any CPU
		{CA17B078-7442-4BD4-B91E-2119F4779BC4}.AppStore|ARM.ActiveCfg = Release|Any CPU
		{CA17B078-7442-4BD4-B91E-2119F4779BC4}.AppStore|ARM.Build.0 = Release|Any CPU
		{CA17B078-7442-4BD4-B91E-2119F4779BC4}.AppStore|ARM.Deploy.0 = Release|Any CPU
		{CA17B078-7442-4BD4-B91E-2119F4779BC4}.AppStore|iPhone.ActiveCfg = Release|Any CPU
		{CA17B078-7442-4BD4-B91E-2119F4779BC4}.AppStore|iPhone.Build.0 = Release|Any CPU
		{CA17B078-7442-4BD4-B91E-2119F4779BC4}.AppStore|iPhone.Deploy.0 = Release|Any CPU
		{CA17B078-7442-4BD4-B91E-2119F4779BC4}.AppStore|iPhoneSimulator.ActiveCfg = Release|Any CPU
		{CA17B078-7442-4BD4-B91E-2119F4779BC4}.AppStore|iPhoneSimulator.Build.0 = Release|Any CPU
		{CA17B078-7442-4BD4-B91E-2119F4779BC4}.AppStore|iPhoneSimulator.Deploy.0 = Release|Any CPU
		{CA17B078-7442-4BD4-B91E-2119F4779BC4}.AppStore|x64.ActiveCfg = Release|Any CPU
		{CA17B078-7442-4BD4-B91E-2119F4779BC4}.AppStore|x64.Build.0 = Release|Any CPU
		{CA17B078-7442-4BD4-B91E-2119F4779BC4}.AppStore|x64.Deploy.0 = Release|Any CPU
		{CA17B078-7442-4BD4-B91E-2119F4779BC4}.AppStore|x86.ActiveCfg = Release|Any CPU
		{CA17B078-7442-4BD4-B91E-2119F4779BC4}.AppStore|x86.Build.0 = Release|Any CPU
		{CA17B078-7442-4BD4-B91E-2119F4779BC4}.AppStore|x86.Deploy.0 = Release|Any CPU
		{CA17B078-7442-4BD4-B91E-2119F4779BC4}.Debug|Any CPU.ActiveCfg = Debug|Any CPU
		{CA17B078-7442-4BD4-B91E-2119F4779BC4}.Debug|Any CPU.Build.0 = Debug|Any CPU
		{CA17B078-7442-4BD4-B91E-2119F4779BC4}.Debug|Any CPU.Deploy.0 = Debug|Any CPU
		{CA17B078-7442-4BD4-B91E-2119F4779BC4}.Debug|ARM.ActiveCfg = Debug|Any CPU
		{CA17B078-7442-4BD4-B91E-2119F4779BC4}.Debug|ARM.Build.0 = Debug|Any CPU
		{CA17B078-7442-4BD4-B91E-2119F4779BC4}.Debug|ARM.Deploy.0 = Debug|Any CPU
		{CA17B078-7442-4BD4-B91E-2119F4779BC4}.Debug|iPhone.ActiveCfg = Debug|Any CPU
		{CA17B078-7442-4BD4-B91E-2119F4779BC4}.Debug|iPhone.Build.0 = Debug|Any CPU
		{CA17B078-7442-4BD4-B91E-2119F4779BC4}.Debug|iPhone.Deploy.0 = Debug|Any CPU
		{CA17B078-7442-4BD4-B91E-2119F4779BC4}.Debug|iPhoneSimulator.ActiveCfg = Debug|Any CPU
		{CA17B078-7442-4BD4-B91E-2119F4779BC4}.Debug|iPhoneSimulator.Build.0 = Debug|Any CPU
		{CA17B078-7442-4BD4-B91E-2119F4779BC4}.Debug|iPhoneSimulator.Deploy.0 = Debug|Any CPU
		{CA17B078-7442-4BD4-B91E-2119F4779BC4}.Debug|x64.ActiveCfg = Debug|Any CPU
		{CA17B078-7442-4BD4-B91E-2119F4779BC4}.Debug|x64.Build.0 = Debug|Any CPU
		{CA17B078-7442-4BD4-B91E-2119F4779BC4}.Debug|x64.Deploy.0 = Debug|Any CPU
		{CA17B078-7442-4BD4-B91E-2119F4779BC4}.Debug|x86.ActiveCfg = Debug|Any CPU
		{CA17B078-7442-4BD4-B91E-2119F4779BC4}.Debug|x86.Build.0 = Debug|Any CPU
		{CA17B078-7442-4BD4-B91E-2119F4779BC4}.Debug|x86.Deploy.0 = Debug|Any CPU
		{CA17B078-7442-4BD4-B91E-2119F4779BC4}.Release|Any CPU.ActiveCfg = Release|Any CPU
		{CA17B078-7442-4BD4-B91E-2119F4779BC4}.Release|Any CPU.Build.0 = Release|Any CPU
		{CA17B078-7442-4BD4-B91E-2119F4779BC4}.Release|Any CPU.Deploy.0 = Release|Any CPU
		{CA17B078-7442-4BD4-B91E-2119F4779BC4}.Release|ARM.ActiveCfg = Release|Any CPU
		{CA17B078-7442-4BD4-B91E-2119F4779BC4}.Release|ARM.Build.0 = Release|Any CPU
		{CA17B078-7442-4BD4-B91E-2119F4779BC4}.Release|ARM.Deploy.0 = Release|Any CPU
		{CA17B078-7442-4BD4-B91E-2119F4779BC4}.Release|iPhone.ActiveCfg = Release|Any CPU
		{CA17B078-7442-4BD4-B91E-2119F4779BC4}.Release|iPhone.Build.0 = Release|Any CPU
		{CA17B078-7442-4BD4-B91E-2119F4779BC4}.Release|iPhone.Deploy.0 = Release|Any CPU
		{CA17B078-7442-4BD4-B91E-2119F4779BC4}.Release|iPhoneSimulator.ActiveCfg = Release|Any CPU
		{CA17B078-7442-4BD4-B91E-2119F4779BC4}.Release|iPhoneSimulator.Build.0 = Release|Any CPU
		{CA17B078-7442-4BD4-B91E-2119F4779BC4}.Release|iPhoneSimulator.Deploy.0 = Release|Any CPU
		{CA17B078-7442-4BD4-B91E-2119F4779BC4}.Release|x64.ActiveCfg = Release|Any CPU
		{CA17B078-7442-4BD4-B91E-2119F4779BC4}.Release|x64.Build.0 = Release|Any CPU
		{CA17B078-7442-4BD4-B91E-2119F4779BC4}.Release|x64.Deploy.0 = Release|Any CPU
		{CA17B078-7442-4BD4-B91E-2119F4779BC4}.Release|x86.ActiveCfg = Release|Any CPU
		{CA17B078-7442-4BD4-B91E-2119F4779BC4}.Release|x86.Build.0 = Release|Any CPU
		{CA17B078-7442-4BD4-B91E-2119F4779BC4}.Release|x86.Deploy.0 = Release|Any CPU
		{BBBDC4D0-1720-4974-AE0D-3544C10AC7EC}.Ad-Hoc|Any CPU.ActiveCfg = Ad-Hoc|iPhone
		{BBBDC4D0-1720-4974-AE0D-3544C10AC7EC}.Ad-Hoc|Any CPU.Build.0 = Ad-Hoc|iPhone
		{BBBDC4D0-1720-4974-AE0D-3544C10AC7EC}.Ad-Hoc|Any CPU.Deploy.0 = Ad-Hoc|iPhone
		{BBBDC4D0-1720-4974-AE0D-3544C10AC7EC}.Ad-Hoc|ARM.ActiveCfg = Ad-Hoc|iPhone
		{BBBDC4D0-1720-4974-AE0D-3544C10AC7EC}.Ad-Hoc|ARM.Build.0 = Ad-Hoc|iPhone
		{BBBDC4D0-1720-4974-AE0D-3544C10AC7EC}.Ad-Hoc|ARM.Deploy.0 = Ad-Hoc|iPhone
		{BBBDC4D0-1720-4974-AE0D-3544C10AC7EC}.Ad-Hoc|iPhone.ActiveCfg = Ad-Hoc|iPhone
		{BBBDC4D0-1720-4974-AE0D-3544C10AC7EC}.Ad-Hoc|iPhone.Build.0 = Ad-Hoc|iPhone
		{BBBDC4D0-1720-4974-AE0D-3544C10AC7EC}.Ad-Hoc|iPhone.Deploy.0 = Ad-Hoc|iPhone
		{BBBDC4D0-1720-4974-AE0D-3544C10AC7EC}.Ad-Hoc|iPhoneSimulator.ActiveCfg = Ad-Hoc|iPhoneSimulator
		{BBBDC4D0-1720-4974-AE0D-3544C10AC7EC}.Ad-Hoc|iPhoneSimulator.Build.0 = Ad-Hoc|iPhoneSimulator
		{BBBDC4D0-1720-4974-AE0D-3544C10AC7EC}.Ad-Hoc|iPhoneSimulator.Deploy.0 = Ad-Hoc|iPhoneSimulator
		{BBBDC4D0-1720-4974-AE0D-3544C10AC7EC}.Ad-Hoc|x64.ActiveCfg = Ad-Hoc|iPhone
		{BBBDC4D0-1720-4974-AE0D-3544C10AC7EC}.Ad-Hoc|x64.Build.0 = Ad-Hoc|iPhone
		{BBBDC4D0-1720-4974-AE0D-3544C10AC7EC}.Ad-Hoc|x64.Deploy.0 = Ad-Hoc|iPhone
		{BBBDC4D0-1720-4974-AE0D-3544C10AC7EC}.Ad-Hoc|x86.ActiveCfg = Ad-Hoc|iPhone
		{BBBDC4D0-1720-4974-AE0D-3544C10AC7EC}.Ad-Hoc|x86.Build.0 = Ad-Hoc|iPhone
		{BBBDC4D0-1720-4974-AE0D-3544C10AC7EC}.Ad-Hoc|x86.Deploy.0 = Ad-Hoc|iPhone
		{BBBDC4D0-1720-4974-AE0D-3544C10AC7EC}.AppStore|Any CPU.ActiveCfg = AppStore|iPhone
		{BBBDC4D0-1720-4974-AE0D-3544C10AC7EC}.AppStore|Any CPU.Build.0 = AppStore|iPhone
		{BBBDC4D0-1720-4974-AE0D-3544C10AC7EC}.AppStore|Any CPU.Deploy.0 = AppStore|iPhone
		{BBBDC4D0-1720-4974-AE0D-3544C10AC7EC}.AppStore|ARM.ActiveCfg = AppStore|iPhone
		{BBBDC4D0-1720-4974-AE0D-3544C10AC7EC}.AppStore|ARM.Build.0 = AppStore|iPhone
		{BBBDC4D0-1720-4974-AE0D-3544C10AC7EC}.AppStore|ARM.Deploy.0 = AppStore|iPhone
		{BBBDC4D0-1720-4974-AE0D-3544C10AC7EC}.AppStore|iPhone.ActiveCfg = AppStore|iPhone
		{BBBDC4D0-1720-4974-AE0D-3544C10AC7EC}.AppStore|iPhone.Build.0 = AppStore|iPhone
		{BBBDC4D0-1720-4974-AE0D-3544C10AC7EC}.AppStore|iPhone.Deploy.0 = AppStore|iPhone
		{BBBDC4D0-1720-4974-AE0D-3544C10AC7EC}.AppStore|iPhoneSimulator.ActiveCfg = AppStore|iPhoneSimulator
		{BBBDC4D0-1720-4974-AE0D-3544C10AC7EC}.AppStore|iPhoneSimulator.Build.0 = AppStore|iPhoneSimulator
		{BBBDC4D0-1720-4974-AE0D-3544C10AC7EC}.AppStore|iPhoneSimulator.Deploy.0 = AppStore|iPhoneSimulator
		{BBBDC4D0-1720-4974-AE0D-3544C10AC7EC}.AppStore|x64.ActiveCfg = AppStore|iPhone
		{BBBDC4D0-1720-4974-AE0D-3544C10AC7EC}.AppStore|x64.Build.0 = AppStore|iPhone
		{BBBDC4D0-1720-4974-AE0D-3544C10AC7EC}.AppStore|x64.Deploy.0 = AppStore|iPhone
		{BBBDC4D0-1720-4974-AE0D-3544C10AC7EC}.AppStore|x86.ActiveCfg = AppStore|iPhone
		{BBBDC4D0-1720-4974-AE0D-3544C10AC7EC}.AppStore|x86.Build.0 = AppStore|iPhone
		{BBBDC4D0-1720-4974-AE0D-3544C10AC7EC}.AppStore|x86.Deploy.0 = AppStore|iPhone
		{BBBDC4D0-1720-4974-AE0D-3544C10AC7EC}.Debug|Any CPU.ActiveCfg = Debug|iPhoneSimulator
		{BBBDC4D0-1720-4974-AE0D-3544C10AC7EC}.Debug|Any CPU.Build.0 = Debug|iPhoneSimulator
		{BBBDC4D0-1720-4974-AE0D-3544C10AC7EC}.Debug|Any CPU.Deploy.0 = Debug|iPhoneSimulator
		{BBBDC4D0-1720-4974-AE0D-3544C10AC7EC}.Debug|ARM.ActiveCfg = Debug|iPhone
		{BBBDC4D0-1720-4974-AE0D-3544C10AC7EC}.Debug|ARM.Build.0 = Debug|iPhone
		{BBBDC4D0-1720-4974-AE0D-3544C10AC7EC}.Debug|ARM.Deploy.0 = Debug|iPhone
		{BBBDC4D0-1720-4974-AE0D-3544C10AC7EC}.Debug|iPhone.ActiveCfg = Debug|iPhone
		{BBBDC4D0-1720-4974-AE0D-3544C10AC7EC}.Debug|iPhone.Build.0 = Debug|iPhone
		{BBBDC4D0-1720-4974-AE0D-3544C10AC7EC}.Debug|iPhone.Deploy.0 = Debug|iPhone
		{BBBDC4D0-1720-4974-AE0D-3544C10AC7EC}.Debug|iPhoneSimulator.ActiveCfg = Debug|iPhoneSimulator
		{BBBDC4D0-1720-4974-AE0D-3544C10AC7EC}.Debug|iPhoneSimulator.Build.0 = Debug|iPhoneSimulator
		{BBBDC4D0-1720-4974-AE0D-3544C10AC7EC}.Debug|iPhoneSimulator.Deploy.0 = Debug|iPhoneSimulator
		{BBBDC4D0-1720-4974-AE0D-3544C10AC7EC}.Debug|x64.ActiveCfg = Debug|iPhone
		{BBBDC4D0-1720-4974-AE0D-3544C10AC7EC}.Debug|x64.Build.0 = Debug|iPhone
		{BBBDC4D0-1720-4974-AE0D-3544C10AC7EC}.Debug|x64.Deploy.0 = Debug|iPhone
		{BBBDC4D0-1720-4974-AE0D-3544C10AC7EC}.Debug|x86.ActiveCfg = Debug|iPhone
		{BBBDC4D0-1720-4974-AE0D-3544C10AC7EC}.Debug|x86.Build.0 = Debug|iPhone
		{BBBDC4D0-1720-4974-AE0D-3544C10AC7EC}.Debug|x86.Deploy.0 = Debug|iPhone
		{BBBDC4D0-1720-4974-AE0D-3544C10AC7EC}.Release|Any CPU.ActiveCfg = Release|iPhone
		{BBBDC4D0-1720-4974-AE0D-3544C10AC7EC}.Release|Any CPU.Build.0 = Release|iPhone
		{BBBDC4D0-1720-4974-AE0D-3544C10AC7EC}.Release|Any CPU.Deploy.0 = Release|iPhone
		{BBBDC4D0-1720-4974-AE0D-3544C10AC7EC}.Release|ARM.ActiveCfg = Release|iPhone
		{BBBDC4D0-1720-4974-AE0D-3544C10AC7EC}.Release|ARM.Build.0 = Release|iPhone
		{BBBDC4D0-1720-4974-AE0D-3544C10AC7EC}.Release|ARM.Deploy.0 = Release|iPhone
		{BBBDC4D0-1720-4974-AE0D-3544C10AC7EC}.Release|iPhone.ActiveCfg = Release|iPhone
		{BBBDC4D0-1720-4974-AE0D-3544C10AC7EC}.Release|iPhone.Build.0 = Release|iPhone
		{BBBDC4D0-1720-4974-AE0D-3544C10AC7EC}.Release|iPhone.Deploy.0 = Release|iPhone
		{BBBDC4D0-1720-4974-AE0D-3544C10AC7EC}.Release|iPhoneSimulator.ActiveCfg = Release|iPhoneSimulator
		{BBBDC4D0-1720-4974-AE0D-3544C10AC7EC}.Release|iPhoneSimulator.Build.0 = Release|iPhoneSimulator
		{BBBDC4D0-1720-4974-AE0D-3544C10AC7EC}.Release|iPhoneSimulator.Deploy.0 = Release|iPhoneSimulator
		{BBBDC4D0-1720-4974-AE0D-3544C10AC7EC}.Release|x64.ActiveCfg = Release|iPhone
		{BBBDC4D0-1720-4974-AE0D-3544C10AC7EC}.Release|x64.Build.0 = Release|iPhone
		{BBBDC4D0-1720-4974-AE0D-3544C10AC7EC}.Release|x64.Deploy.0 = Release|iPhone
		{BBBDC4D0-1720-4974-AE0D-3544C10AC7EC}.Release|x86.ActiveCfg = Release|iPhone
		{BBBDC4D0-1720-4974-AE0D-3544C10AC7EC}.Release|x86.Build.0 = Release|iPhone
		{BBBDC4D0-1720-4974-AE0D-3544C10AC7EC}.Release|x86.Deploy.0 = Release|iPhone
		{7896BAD4-9C5D-451C-A639-94171C281901}.Ad-Hoc|Any CPU.ActiveCfg = Release|x86
		{7896BAD4-9C5D-451C-A639-94171C281901}.Ad-Hoc|Any CPU.Build.0 = Release|x86
		{7896BAD4-9C5D-451C-A639-94171C281901}.Ad-Hoc|Any CPU.Deploy.0 = Release|x86
		{7896BAD4-9C5D-451C-A639-94171C281901}.Ad-Hoc|ARM.ActiveCfg = Release|ARM
		{7896BAD4-9C5D-451C-A639-94171C281901}.Ad-Hoc|ARM.Build.0 = Release|ARM
		{7896BAD4-9C5D-451C-A639-94171C281901}.Ad-Hoc|ARM.Deploy.0 = Release|ARM
		{7896BAD4-9C5D-451C-A639-94171C281901}.Ad-Hoc|iPhone.ActiveCfg = Release|x86
		{7896BAD4-9C5D-451C-A639-94171C281901}.Ad-Hoc|iPhone.Build.0 = Release|x86
		{7896BAD4-9C5D-451C-A639-94171C281901}.Ad-Hoc|iPhone.Deploy.0 = Release|x86
		{7896BAD4-9C5D-451C-A639-94171C281901}.Ad-Hoc|iPhoneSimulator.ActiveCfg = Release|x86
		{7896BAD4-9C5D-451C-A639-94171C281901}.Ad-Hoc|iPhoneSimulator.Build.0 = Release|x86
		{7896BAD4-9C5D-451C-A639-94171C281901}.Ad-Hoc|iPhoneSimulator.Deploy.0 = Release|x86
		{7896BAD4-9C5D-451C-A639-94171C281901}.Ad-Hoc|x64.ActiveCfg = Release|x64
		{7896BAD4-9C5D-451C-A639-94171C281901}.Ad-Hoc|x64.Build.0 = Release|x64
		{7896BAD4-9C5D-451C-A639-94171C281901}.Ad-Hoc|x64.Deploy.0 = Release|x64
		{7896BAD4-9C5D-451C-A639-94171C281901}.Ad-Hoc|x86.ActiveCfg = Release|x86
		{7896BAD4-9C5D-451C-A639-94171C281901}.Ad-Hoc|x86.Build.0 = Release|x86
		{7896BAD4-9C5D-451C-A639-94171C281901}.Ad-Hoc|x86.Deploy.0 = Release|x86
		{7896BAD4-9C5D-451C-A639-94171C281901}.AppStore|Any CPU.ActiveCfg = Release|x86
		{7896BAD4-9C5D-451C-A639-94171C281901}.AppStore|Any CPU.Build.0 = Release|x86
		{7896BAD4-9C5D-451C-A639-94171C281901}.AppStore|Any CPU.Deploy.0 = Release|x86
		{7896BAD4-9C5D-451C-A639-94171C281901}.AppStore|ARM.ActiveCfg = Release|ARM
		{7896BAD4-9C5D-451C-A639-94171C281901}.AppStore|ARM.Build.0 = Release|ARM
		{7896BAD4-9C5D-451C-A639-94171C281901}.AppStore|ARM.Deploy.0 = Release|ARM
		{7896BAD4-9C5D-451C-A639-94171C281901}.AppStore|iPhone.ActiveCfg = Release|x86
		{7896BAD4-9C5D-451C-A639-94171C281901}.AppStore|iPhone.Build.0 = Release|x86
		{7896BAD4-9C5D-451C-A639-94171C281901}.AppStore|iPhone.Deploy.0 = Release|x86
		{7896BAD4-9C5D-451C-A639-94171C281901}.AppStore|iPhoneSimulator.ActiveCfg = Release|x86
		{7896BAD4-9C5D-451C-A639-94171C281901}.AppStore|iPhoneSimulator.Build.0 = Release|x86
		{7896BAD4-9C5D-451C-A639-94171C281901}.AppStore|iPhoneSimulator.Deploy.0 = Release|x86
		{7896BAD4-9C5D-451C-A639-94171C281901}.AppStore|x64.ActiveCfg = Release|x64
		{7896BAD4-9C5D-451C-A639-94171C281901}.AppStore|x64.Build.0 = Release|x64
		{7896BAD4-9C5D-451C-A639-94171C281901}.AppStore|x64.Deploy.0 = Release|x64
		{7896BAD4-9C5D-451C-A639-94171C281901}.AppStore|x86.ActiveCfg = Release|x86
		{7896BAD4-9C5D-451C-A639-94171C281901}.AppStore|x86.Build.0 = Release|x86
		{7896BAD4-9C5D-451C-A639-94171C281901}.AppStore|x86.Deploy.0 = Release|x86
		{7896BAD4-9C5D-451C-A639-94171C281901}.Debug|Any CPU.ActiveCfg = Debug|x86
		{7896BAD4-9C5D-451C-A639-94171C281901}.Debug|Any CPU.Build.0 = Debug|x86
		{7896BAD4-9C5D-451C-A639-94171C281901}.Debug|Any CPU.Deploy.0 = Debug|x86
		{7896BAD4-9C5D-451C-A639-94171C281901}.Debug|ARM.ActiveCfg = Debug|ARM
		{7896BAD4-9C5D-451C-A639-94171C281901}.Debug|ARM.Build.0 = Debug|ARM
		{7896BAD4-9C5D-451C-A639-94171C281901}.Debug|ARM.Deploy.0 = Debug|ARM
		{7896BAD4-9C5D-451C-A639-94171C281901}.Debug|iPhone.ActiveCfg = Debug|x86
		{7896BAD4-9C5D-451C-A639-94171C281901}.Debug|iPhone.Build.0 = Debug|x86
		{7896BAD4-9C5D-451C-A639-94171C281901}.Debug|iPhone.Deploy.0 = Debug|x86
		{7896BAD4-9C5D-451C-A639-94171C281901}.Debug|iPhoneSimulator.ActiveCfg = Debug|x86
		{7896BAD4-9C5D-451C-A639-94171C281901}.Debug|iPhoneSimulator.Build.0 = Debug|x86
		{7896BAD4-9C5D-451C-A639-94171C281901}.Debug|iPhoneSimulator.Deploy.0 = Debug|x86
		{7896BAD4-9C5D-451C-A639-94171C281901}.Debug|x64.ActiveCfg = Debug|x64
		{7896BAD4-9C5D-451C-A639-94171C281901}.Debug|x64.Build.0 = Debug|x64
		{7896BAD4-9C5D-451C-A639-94171C281901}.Debug|x64.Deploy.0 = Debug|x64
		{7896BAD4-9C5D-451C-A639-94171C281901}.Debug|x86.ActiveCfg = Debug|x86
		{7896BAD4-9C5D-451C-A639-94171C281901}.Debug|x86.Build.0 = Debug|x86
		{7896BAD4-9C5D-451C-A639-94171C281901}.Debug|x86.Deploy.0 = Debug|x86
		{7896BAD4-9C5D-451C-A639-94171C281901}.Release|Any CPU.ActiveCfg = Release|x86
		{7896BAD4-9C5D-451C-A639-94171C281901}.Release|Any CPU.Build.0 = Release|x86
		{7896BAD4-9C5D-451C-A639-94171C281901}.Release|Any CPU.Deploy.0 = Release|x86
		{7896BAD4-9C5D-451C-A639-94171C281901}.Release|ARM.ActiveCfg = Release|ARM
		{7896BAD4-9C5D-451C-A639-94171C281901}.Release|ARM.Build.0 = Release|ARM
		{7896BAD4-9C5D-451C-A639-94171C281901}.Release|ARM.Deploy.0 = Release|ARM
		{7896BAD4-9C5D-451C-A639-94171C281901}.Release|iPhone.ActiveCfg = Release|x86
		{7896BAD4-9C5D-451C-A639-94171C281901}.Release|iPhone.Build.0 = Release|x86
		{7896BAD4-9C5D-451C-A639-94171C281901}.Release|iPhone.Deploy.0 = Release|x86
		{7896BAD4-9C5D-451C-A639-94171C281901}.Release|iPhoneSimulator.ActiveCfg = Release|x86
		{7896BAD4-9C5D-451C-A639-94171C281901}.Release|iPhoneSimulator.Build.0 = Release|x86
		{7896BAD4-9C5D-451C-A639-94171C281901}.Release|iPhoneSimulator.Deploy.0 = Release|x86
		{7896BAD4-9C5D-451C-A639-94171C281901}.Release|x64.ActiveCfg = Release|x64
		{7896BAD4-9C5D-451C-A639-94171C281901}.Release|x64.Build.0 = Release|x64
		{7896BAD4-9C5D-451C-A639-94171C281901}.Release|x64.Deploy.0 = Release|x64
		{7896BAD4-9C5D-451C-A639-94171C281901}.Release|x86.ActiveCfg = Release|x86
		{7896BAD4-9C5D-451C-A639-94171C281901}.Release|x86.Build.0 = Release|x86
		{7896BAD4-9C5D-451C-A639-94171C281901}.Release|x86.Deploy.0 = Release|x86
		{9D2B9822-A78B-4F01-A9A2-117447817763}.Ad-Hoc|Any CPU.ActiveCfg = Debug|Any CPU
		{9D2B9822-A78B-4F01-A9A2-117447817763}.Ad-Hoc|Any CPU.Build.0 = Debug|Any CPU
		{9D2B9822-A78B-4F01-A9A2-117447817763}.Ad-Hoc|Any CPU.Deploy.0 = Debug|Any CPU
		{9D2B9822-A78B-4F01-A9A2-117447817763}.Ad-Hoc|ARM.ActiveCfg = Debug|Any CPU
		{9D2B9822-A78B-4F01-A9A2-117447817763}.Ad-Hoc|ARM.Build.0 = Debug|Any CPU
		{9D2B9822-A78B-4F01-A9A2-117447817763}.Ad-Hoc|ARM.Deploy.0 = Debug|Any CPU
		{9D2B9822-A78B-4F01-A9A2-117447817763}.Ad-Hoc|iPhone.ActiveCfg = Debug|Any CPU
		{9D2B9822-A78B-4F01-A9A2-117447817763}.Ad-Hoc|iPhone.Build.0 = Debug|Any CPU
		{9D2B9822-A78B-4F01-A9A2-117447817763}.Ad-Hoc|iPhone.Deploy.0 = Debug|Any CPU
		{9D2B9822-A78B-4F01-A9A2-117447817763}.Ad-Hoc|iPhoneSimulator.ActiveCfg = Debug|Any CPU
		{9D2B9822-A78B-4F01-A9A2-117447817763}.Ad-Hoc|iPhoneSimulator.Build.0 = Debug|Any CPU
		{9D2B9822-A78B-4F01-A9A2-117447817763}.Ad-Hoc|iPhoneSimulator.Deploy.0 = Debug|Any CPU
		{9D2B9822-A78B-4F01-A9A2-117447817763}.Ad-Hoc|x64.ActiveCfg = Debug|Any CPU
		{9D2B9822-A78B-4F01-A9A2-117447817763}.Ad-Hoc|x64.Build.0 = Debug|Any CPU
		{9D2B9822-A78B-4F01-A9A2-117447817763}.Ad-Hoc|x64.Deploy.0 = Debug|Any CPU
		{9D2B9822-A78B-4F01-A9A2-117447817763}.Ad-Hoc|x86.ActiveCfg = Debug|Any CPU
		{9D2B9822-A78B-4F01-A9A2-117447817763}.Ad-Hoc|x86.Build.0 = Debug|Any CPU
		{9D2B9822-A78B-4F01-A9A2-117447817763}.Ad-Hoc|x86.Deploy.0 = Debug|Any CPU
		{9D2B9822-A78B-4F01-A9A2-117447817763}.AppStore|Any CPU.ActiveCfg = Debug|Any CPU
		{9D2B9822-A78B-4F01-A9A2-117447817763}.AppStore|Any CPU.Build.0 = Debug|Any CPU
		{9D2B9822-A78B-4F01-A9A2-117447817763}.AppStore|Any CPU.Deploy.0 = Debug|Any CPU
		{9D2B9822-A78B-4F01-A9A2-117447817763}.AppStore|ARM.ActiveCfg = Debug|Any CPU
		{9D2B9822-A78B-4F01-A9A2-117447817763}.AppStore|ARM.Build.0 = Debug|Any CPU
		{9D2B9822-A78B-4F01-A9A2-117447817763}.AppStore|ARM.Deploy.0 = Debug|Any CPU
		{9D2B9822-A78B-4F01-A9A2-117447817763}.AppStore|iPhone.ActiveCfg = Debug|Any CPU
		{9D2B9822-A78B-4F01-A9A2-117447817763}.AppStore|iPhone.Build.0 = Debug|Any CPU
		{9D2B9822-A78B-4F01-A9A2-117447817763}.AppStore|iPhone.Deploy.0 = Debug|Any CPU
		{9D2B9822-A78B-4F01-A9A2-117447817763}.AppStore|iPhoneSimulator.ActiveCfg = Debug|Any CPU
		{9D2B9822-A78B-4F01-A9A2-117447817763}.AppStore|iPhoneSimulator.Build.0 = Debug|Any CPU
		{9D2B9822-A78B-4F01-A9A2-117447817763}.AppStore|iPhoneSimulator.Deploy.0 = Debug|Any CPU
		{9D2B9822-A78B-4F01-A9A2-117447817763}.AppStore|x64.ActiveCfg = Debug|Any CPU
		{9D2B9822-A78B-4F01-A9A2-117447817763}.AppStore|x64.Build.0 = Debug|Any CPU
		{9D2B9822-A78B-4F01-A9A2-117447817763}.AppStore|x64.Deploy.0 = Debug|Any CPU
		{9D2B9822-A78B-4F01-A9A2-117447817763}.AppStore|x86.ActiveCfg = Debug|Any CPU
		{9D2B9822-A78B-4F01-A9A2-117447817763}.AppStore|x86.Build.0 = Debug|Any CPU
		{9D2B9822-A78B-4F01-A9A2-117447817763}.AppStore|x86.Deploy.0 = Debug|Any CPU
		{9D2B9822-A78B-4F01-A9A2-117447817763}.Debug|Any CPU.ActiveCfg = Debug|Any CPU
		{9D2B9822-A78B-4F01-A9A2-117447817763}.Debug|Any CPU.Build.0 = Debug|Any CPU
		{9D2B9822-A78B-4F01-A9A2-117447817763}.Debug|Any CPU.Deploy.0 = Debug|Any CPU
		{9D2B9822-A78B-4F01-A9A2-117447817763}.Debug|ARM.ActiveCfg = Debug|Any CPU
		{9D2B9822-A78B-4F01-A9A2-117447817763}.Debug|ARM.Build.0 = Debug|Any CPU
		{9D2B9822-A78B-4F01-A9A2-117447817763}.Debug|ARM.Deploy.0 = Debug|Any CPU
		{9D2B9822-A78B-4F01-A9A2-117447817763}.Debug|iPhone.ActiveCfg = Debug|Any CPU
		{9D2B9822-A78B-4F01-A9A2-117447817763}.Debug|iPhone.Build.0 = Debug|Any CPU
		{9D2B9822-A78B-4F01-A9A2-117447817763}.Debug|iPhone.Deploy.0 = Debug|Any CPU
		{9D2B9822-A78B-4F01-A9A2-117447817763}.Debug|iPhoneSimulator.ActiveCfg = Debug|Any CPU
		{9D2B9822-A78B-4F01-A9A2-117447817763}.Debug|iPhoneSimulator.Build.0 = Debug|Any CPU
		{9D2B9822-A78B-4F01-A9A2-117447817763}.Debug|iPhoneSimulator.Deploy.0 = Debug|Any CPU
		{9D2B9822-A78B-4F01-A9A2-117447817763}.Debug|x64.ActiveCfg = Debug|Any CPU
		{9D2B9822-A78B-4F01-A9A2-117447817763}.Debug|x64.Build.0 = Debug|Any CPU
		{9D2B9822-A78B-4F01-A9A2-117447817763}.Debug|x64.Deploy.0 = Debug|Any CPU
		{9D2B9822-A78B-4F01-A9A2-117447817763}.Debug|x86.ActiveCfg = Debug|Any CPU
		{9D2B9822-A78B-4F01-A9A2-117447817763}.Debug|x86.Build.0 = Debug|Any CPU
		{9D2B9822-A78B-4F01-A9A2-117447817763}.Debug|x86.Deploy.0 = Debug|Any CPU
		{9D2B9822-A78B-4F01-A9A2-117447817763}.Release|Any CPU.ActiveCfg = Release|Any CPU
		{9D2B9822-A78B-4F01-A9A2-117447817763}.Release|Any CPU.Build.0 = Release|Any CPU
		{9D2B9822-A78B-4F01-A9A2-117447817763}.Release|Any CPU.Deploy.0 = Release|Any CPU
		{9D2B9822-A78B-4F01-A9A2-117447817763}.Release|ARM.ActiveCfg = Release|Any CPU
		{9D2B9822-A78B-4F01-A9A2-117447817763}.Release|ARM.Build.0 = Release|Any CPU
		{9D2B9822-A78B-4F01-A9A2-117447817763}.Release|ARM.Deploy.0 = Release|Any CPU
		{9D2B9822-A78B-4F01-A9A2-117447817763}.Release|iPhone.ActiveCfg = Release|Any CPU
		{9D2B9822-A78B-4F01-A9A2-117447817763}.Release|iPhone.Build.0 = Release|Any CPU
		{9D2B9822-A78B-4F01-A9A2-117447817763}.Release|iPhone.Deploy.0 = Release|Any CPU
		{9D2B9822-A78B-4F01-A9A2-117447817763}.Release|iPhoneSimulator.ActiveCfg = Release|Any CPU
		{9D2B9822-A78B-4F01-A9A2-117447817763}.Release|iPhoneSimulator.Build.0 = Release|Any CPU
		{9D2B9822-A78B-4F01-A9A2-117447817763}.Release|iPhoneSimulator.Deploy.0 = Release|Any CPU
		{9D2B9822-A78B-4F01-A9A2-117447817763}.Release|x64.ActiveCfg = Release|Any CPU
		{9D2B9822-A78B-4F01-A9A2-117447817763}.Release|x64.Build.0 = Release|Any CPU
		{9D2B9822-A78B-4F01-A9A2-117447817763}.Release|x64.Deploy.0 = Release|Any CPU
		{9D2B9822-A78B-4F01-A9A2-117447817763}.Release|x86.ActiveCfg = Release|Any CPU
		{9D2B9822-A78B-4F01-A9A2-117447817763}.Release|x86.Build.0 = Release|Any CPU
		{9D2B9822-A78B-4F01-A9A2-117447817763}.Release|x86.Deploy.0 = Release|Any CPU
	EndGlobalSection
	GlobalSection(SolutionProperties) = preSolution
		HideSolutionNode = FALSE
	EndGlobalSection
	GlobalSection(ExtensibilityGlobals) = postSolution
		SolutionGuid = {AA893030-1E94-477C-80BF-5A7CE54E369B}
	EndGlobalSection
EndGlobal
