
Microsoft Visual Studio Solution File, Format Version 12.00
# Visual Studio 15
VisualStudioVersion = 15.0.27703.1
MinimumVisualStudioVersion = 10.0.40219.1
Project("{FAE04EC0-301F-11D3-BF4B-00C04F79EFBC}") = "App03_LayoutXF.Android", "App03_LayoutXF\App03_LayoutXF.Android\App03_LayoutXF.Android.csproj", "{E94FE50D-69EE-4044-8E71-8F031BAB7457}"
EndProject
Project("{FAE04EC0-301F-11D3-BF4B-00C04F79EFBC}") = "App03_LayoutXF.iOS", "App03_LayoutXF\App03_LayoutXF.iOS\App03_LayoutXF.iOS.csproj", "{B5D5D93E-05AE-4115-AB66-831A01D0E492}"
EndProject
Project("{FAE04EC0-301F-11D3-BF4B-00C04F79EFBC}") = "App03_LayoutXF.UWP", "App03_LayoutXF\App03_LayoutXF.UWP\App03_LayoutXF.UWP.csproj", "{0F117734-85CD-4557-88F4-5F3887BB600C}"
EndProject
Project("{FAE04EC0-301F-11D3-BF4B-00C04F79EFBC}") = "App03_LayoutXF", "App03_LayoutXF\App03_LayoutXF\App03_LayoutXF.csproj", "{EC1C9B23-E3C8-497A-921B-2C50C44273F9}"
EndProject
Global
	GlobalSection(SolutionConfigurationPlatforms) = preSolution
		Ad-Hoc|Any CPU = Ad-Hoc|Any CPU
		Ad-Hoc|ARM = Ad-Hoc|ARM
		Ad-Hoc|iPhone = Ad-Hoc|iPhone
		Ad-Hoc|iPhoneSimulator = Ad-Hoc|iPhoneSimulator
		Ad-Hoc|x64 = Ad-Hoc|x64
		Ad-Hoc|x86 = Ad-Hoc|x86
		AppStore|Any CPU = AppStore|Any CPU
		AppStore|ARM = AppStore|ARM
		AppStore|iPhone = AppStore|iPhone
		AppStore|iPhoneSimulator = AppStore|iPhoneSimulator
		AppStore|x64 = AppStore|x64
		AppStore|x86 = AppStore|x86
		Debug|Any CPU = Debug|Any CPU
		Debug|ARM = Debug|ARM
		Debug|iPhone = Debug|iPhone
		Debug|iPhoneSimulator = Debug|iPhoneSimulator
		Debug|x64 = Debug|x64
		Debug|x86 = Debug|x86
		Release|Any CPU = Release|Any CPU
		Release|ARM = Release|ARM
		Release|iPhone = Release|iPhone
		Release|iPhoneSimulator = Release|iPhoneSimulator
		Release|x64 = Release|x64
		Release|x86 = Release|x86
	EndGlobalSection
	GlobalSection(ProjectConfigurationPlatforms) = postSolution
		{E94FE50D-69EE-4044-8E71-8F031BAB7457}.Ad-Hoc|Any CPU.ActiveCfg = Release|Any CPU
		{E94FE50D-69EE-4044-8E71-8F031BAB7457}.Ad-Hoc|Any CPU.Build.0 = Release|Any CPU
		{E94FE50D-69EE-4044-8E71-8F031BAB7457}.Ad-Hoc|Any CPU.Deploy.0 = Release|Any CPU
		{E94FE50D-69EE-4044-8E71-8F031BAB7457}.Ad-Hoc|ARM.ActiveCfg = Release|Any CPU
		{E94FE50D-69EE-4044-8E71-8F031BAB7457}.Ad-Hoc|ARM.Build.0 = Release|Any CPU
		{E94FE50D-69EE-4044-8E71-8F031BAB7457}.Ad-Hoc|ARM.Deploy.0 = Release|Any CPU
		{E94FE50D-69EE-4044-8E71-8F031BAB7457}.Ad-Hoc|iPhone.ActiveCfg = Release|Any CPU
		{E94FE50D-69EE-4044-8E71-8F031BAB7457}.Ad-Hoc|iPhone.Build.0 = Release|Any CPU
		{E94FE50D-69EE-4044-8E71-8F031BAB7457}.Ad-Hoc|iPhone.Deploy.0 = Release|Any CPU
		{E94FE50D-69EE-4044-8E71-8F031BAB7457}.Ad-Hoc|iPhoneSimulator.ActiveCfg = Release|Any CPU
		{E94FE50D-69EE-4044-8E71-8F031BAB7457}.Ad-Hoc|iPhoneSimulator.Build.0 = Release|Any CPU
		{E94FE50D-69EE-4044-8E71-8F031BAB7457}.Ad-Hoc|iPhoneSimulator.Deploy.0 = Release|Any CPU
		{E94FE50D-69EE-4044-8E71-8F031BAB7457}.Ad-Hoc|x64.ActiveCfg = Release|Any CPU
		{E94FE50D-69EE-4044-8E71-8F031BAB7457}.Ad-Hoc|x64.Build.0 = Release|Any CPU
		{E94FE50D-69EE-4044-8E71-8F031BAB7457}.Ad-Hoc|x64.Deploy.0 = Release|Any CPU
		{E94FE50D-69EE-4044-8E71-8F031BAB7457}.Ad-Hoc|x86.ActiveCfg = Release|Any CPU
		{E94FE50D-69EE-4044-8E71-8F031BAB7457}.Ad-Hoc|x86.Build.0 = Release|Any CPU
		{E94FE50D-69EE-4044-8E71-8F031BAB7457}.Ad-Hoc|x86.Deploy.0 = Release|Any CPU
		{E94FE50D-69EE-4044-8E71-8F031BAB7457}.AppStore|Any CPU.ActiveCfg = Release|Any CPU
		{E94FE50D-69EE-4044-8E71-8F031BAB7457}.AppStore|Any CPU.Build.0 = Release|Any CPU
		{E94FE50D-69EE-4044-8E71-8F031BAB7457}.AppStore|Any CPU.Deploy.0 = Release|Any CPU
		{E94FE50D-69EE-4044-8E71-8F031BAB7457}.AppStore|ARM.ActiveCfg = Release|Any CPU
		{E94FE50D-69EE-4044-8E71-8F031BAB7457}.AppStore|ARM.Build.0 = Release|Any CPU
		{E94FE50D-69EE-4044-8E71-8F031BAB7457}.AppStore|ARM.Deploy.0 = Release|Any CPU
		{E94FE50D-69EE-4044-8E71-8F031BAB7457}.AppStore|iPhone.ActiveCfg = Release|Any CPU
		{E94FE50D-69EE-4044-8E71-8F031BAB7457}.AppStore|iPhone.Build.0 = Release|Any CPU
		{E94FE50D-69EE-4044-8E71-8F031BAB7457}.AppStore|iPhone.Deploy.0 = Release|Any CPU
		{E94FE50D-69EE-4044-8E71-8F031BAB7457}.AppStore|iPhoneSimulator.ActiveCfg = Release|Any CPU
		{E94FE50D-69EE-4044-8E71-8F031BAB7457}.AppStore|iPhoneSimulator.Build.0 = Release|Any CPU
		{E94FE50D-69EE-4044-8E71-8F031BAB7457}.AppStore|iPhoneSimulator.Deploy.0 = Release|Any CPU
		{E94FE50D-69EE-4044-8E71-8F031BAB7457}.AppStore|x64.ActiveCfg = Release|Any CPU
		{E94FE50D-69EE-4044-8E71-8F031BAB7457}.AppStore|x64.Build.0 = Release|Any CPU
		{E94FE50D-69EE-4044-8E71-8F031BAB7457}.AppStore|x64.Deploy.0 = Release|Any CPU
		{E94FE50D-69EE-4044-8E71-8F031BAB7457}.AppStore|x86.ActiveCfg = Release|Any CPU
		{E94FE50D-69EE-4044-8E71-8F031BAB7457}.AppStore|x86.Build.0 = Release|Any CPU
		{E94FE50D-69EE-4044-8E71-8F031BAB7457}.AppStore|x86.Deploy.0 = Release|Any CPU
		{E94FE50D-69EE-4044-8E71-8F031BAB7457}.Debug|Any CPU.ActiveCfg = Debug|Any CPU
		{E94FE50D-69EE-4044-8E71-8F031BAB7457}.Debug|Any CPU.Build.0 = Debug|Any CPU
		{E94FE50D-69EE-4044-8E71-8F031BAB7457}.Debug|Any CPU.Deploy.0 = Debug|Any CPU
		{E94FE50D-69EE-4044-8E71-8F031BAB7457}.Debug|ARM.ActiveCfg = Debug|Any CPU
		{E94FE50D-69EE-4044-8E71-8F031BAB7457}.Debug|ARM.Build.0 = Debug|Any CPU
		{E94FE50D-69EE-4044-8E71-8F031BAB7457}.Debug|ARM.Deploy.0 = Debug|Any CPU
		{E94FE50D-69EE-4044-8E71-8F031BAB7457}.Debug|iPhone.ActiveCfg = Debug|Any CPU
		{E94FE50D-69EE-4044-8E71-8F031BAB7457}.Debug|iPhone.Build.0 = Debug|Any CPU
		{E94FE50D-69EE-4044-8E71-8F031BAB7457}.Debug|iPhone.Deploy.0 = Debug|Any CPU
		{E94FE50D-69EE-4044-8E71-8F031BAB7457}.Debug|iPhoneSimulator.ActiveCfg = Debug|Any CPU
		{E94FE50D-69EE-4044-8E71-8F031BAB7457}.Debug|iPhoneSimulator.Build.0 = Debug|Any CPU
		{E94FE50D-69EE-4044-8E71-8F031BAB7457}.Debug|iPhoneSimulator.Deploy.0 = Debug|Any CPU
		{E94FE50D-69EE-4044-8E71-8F031BAB7457}.Debug|x64.ActiveCfg = Debug|Any CPU
		{E94FE50D-69EE-4044-8E71-8F031BAB7457}.Debug|x64.Build.0 = Debug|Any CPU
		{E94FE50D-69EE-4044-8E71-8F031BAB7457}.Debug|x64.Deploy.0 = Debug|Any CPU
		{E94FE50D-69EE-4044-8E71-8F031BAB7457}.Debug|x86.ActiveCfg = Debug|Any CPU
		{E94FE50D-69EE-4044-8E71-8F031BAB7457}.Debug|x86.Build.0 = Debug|Any CPU
		{E94FE50D-69EE-4044-8E71-8F031BAB7457}.Debug|x86.Deploy.0 = Debug|Any CPU
		{E94FE50D-69EE-4044-8E71-8F031BAB7457}.Release|Any CPU.ActiveCfg = Release|Any CPU
		{E94FE50D-69EE-4044-8E71-8F031BAB7457}.Release|Any CPU.Build.0 = Release|Any CPU
		{E94FE50D-69EE-4044-8E71-8F031BAB7457}.Release|Any CPU.Deploy.0 = Release|Any CPU
		{E94FE50D-69EE-4044-8E71-8F031BAB7457}.Release|ARM.ActiveCfg = Release|Any CPU
		{E94FE50D-69EE-4044-8E71-8F031BAB7457}.Release|ARM.Build.0 = Release|Any CPU
		{E94FE50D-69EE-4044-8E71-8F031BAB7457}.Release|ARM.Deploy.0 = Release|Any CPU
		{E94FE50D-69EE-4044-8E71-8F031BAB7457}.Release|iPhone.ActiveCfg = Release|Any CPU
		{E94FE50D-69EE-4044-8E71-8F031BAB7457}.Release|iPhone.Build.0 = Release|Any CPU
		{E94FE50D-69EE-4044-8E71-8F031BAB7457}.Release|iPhone.Deploy.0 = Release|Any CPU
		{E94FE50D-69EE-4044-8E71-8F031BAB7457}.Release|iPhoneSimulator.ActiveCfg = Release|Any CPU
		{E94FE50D-69EE-4044-8E71-8F031BAB7457}.Release|iPhoneSimulator.Build.0 = Release|Any CPU
		{E94FE50D-69EE-4044-8E71-8F031BAB7457}.Release|iPhoneSimulator.Deploy.0 = Release|Any CPU
		{E94FE50D-69EE-4044-8E71-8F031BAB7457}.Release|x64.ActiveCfg = Release|Any CPU
		{E94FE50D-69EE-4044-8E71-8F031BAB7457}.Release|x64.Build.0 = Release|Any CPU
		{E94FE50D-69EE-4044-8E71-8F031BAB7457}.Release|x64.Deploy.0 = Release|Any CPU
		{E94FE50D-69EE-4044-8E71-8F031BAB7457}.Release|x86.ActiveCfg = Release|Any CPU
		{E94FE50D-69EE-4044-8E71-8F031BAB7457}.Release|x86.Build.0 = Release|Any CPU
		{E94FE50D-69EE-4044-8E71-8F031BAB7457}.Release|x86.Deploy.0 = Release|Any CPU
		{B5D5D93E-05AE-4115-AB66-831A01D0E492}.Ad-Hoc|Any CPU.ActiveCfg = Ad-Hoc|iPhone
		{B5D5D93E-05AE-4115-AB66-831A01D0E492}.Ad-Hoc|Any CPU.Build.0 = Ad-Hoc|iPhone
		{B5D5D93E-05AE-4115-AB66-831A01D0E492}.Ad-Hoc|Any CPU.Deploy.0 = Ad-Hoc|iPhone
		{B5D5D93E-05AE-4115-AB66-831A01D0E492}.Ad-Hoc|ARM.ActiveCfg = Ad-Hoc|iPhone
		{B5D5D93E-05AE-4115-AB66-831A01D0E492}.Ad-Hoc|ARM.Build.0 = Ad-Hoc|iPhone
		{B5D5D93E-05AE-4115-AB66-831A01D0E492}.Ad-Hoc|ARM.Deploy.0 = Ad-Hoc|iPhone
		{B5D5D93E-05AE-4115-AB66-831A01D0E492}.Ad-Hoc|iPhone.ActiveCfg = Ad-Hoc|iPhone
		{B5D5D93E-05AE-4115-AB66-831A01D0E492}.Ad-Hoc|iPhone.Build.0 = Ad-Hoc|iPhone
		{B5D5D93E-05AE-4115-AB66-831A01D0E492}.Ad-Hoc|iPhone.Deploy.0 = Ad-Hoc|iPhone
		{B5D5D93E-05AE-4115-AB66-831A01D0E492}.Ad-Hoc|iPhoneSimulator.ActiveCfg = Ad-Hoc|iPhoneSimulator
		{B5D5D93E-05AE-4115-AB66-831A01D0E492}.Ad-Hoc|iPhoneSimulator.Build.0 = Ad-Hoc|iPhoneSimulator
		{B5D5D93E-05AE-4115-AB66-831A01D0E492}.Ad-Hoc|iPhoneSimulator.Deploy.0 = Ad-Hoc|iPhoneSimulator
		{B5D5D93E-05AE-4115-AB66-831A01D0E492}.Ad-Hoc|x64.ActiveCfg = Ad-Hoc|iPhone
		{B5D5D93E-05AE-4115-AB66-831A01D0E492}.Ad-Hoc|x64.Build.0 = Ad-Hoc|iPhone
		{B5D5D93E-05AE-4115-AB66-831A01D0E492}.Ad-Hoc|x64.Deploy.0 = Ad-Hoc|iPhone
		{B5D5D93E-05AE-4115-AB66-831A01D0E492}.Ad-Hoc|x86.ActiveCfg = Ad-Hoc|iPhone
		{B5D5D93E-05AE-4115-AB66-831A01D0E492}.Ad-Hoc|x86.Build.0 = Ad-Hoc|iPhone
		{B5D5D93E-05AE-4115-AB66-831A01D0E492}.Ad-Hoc|x86.Deploy.0 = Ad-Hoc|iPhone
		{B5D5D93E-05AE-4115-AB66-831A01D0E492}.AppStore|Any CPU.ActiveCfg = AppStore|iPhone
		{B5D5D93E-05AE-4115-AB66-831A01D0E492}.AppStore|Any CPU.Build.0 = AppStore|iPhone
		{B5D5D93E-05AE-4115-AB66-831A01D0E492}.AppStore|Any CPU.Deploy.0 = AppStore|iPhone
		{B5D5D93E-05AE-4115-AB66-831A01D0E492}.AppStore|ARM.ActiveCfg = AppStore|iPhone
		{B5D5D93E-05AE-4115-AB66-831A01D0E492}.AppStore|ARM.Build.0 = AppStore|iPhone
		{B5D5D93E-05AE-4115-AB66-831A01D0E492}.AppStore|ARM.Deploy.0 = AppStore|iPhone
		{B5D5D93E-05AE-4115-AB66-831A01D0E492}.AppStore|iPhone.ActiveCfg = AppStore|iPhone
		{B5D5D93E-05AE-4115-AB66-831A01D0E492}.AppStore|iPhone.Build.0 = AppStore|iPhone
		{B5D5D93E-05AE-4115-AB66-831A01D0E492}.AppStore|iPhone.Deploy.0 = AppStore|iPhone
		{B5D5D93E-05AE-4115-AB66-831A01D0E492}.AppStore|iPhoneSimulator.ActiveCfg = AppStore|iPhoneSimulator
		{B5D5D93E-05AE-4115-AB66-831A01D0E492}.AppStore|iPhoneSimulator.Build.0 = AppStore|iPhoneSimulator
		{B5D5D93E-05AE-4115-AB66-831A01D0E492}.AppStore|iPhoneSimulator.Deploy.0 = AppStore|iPhoneSimulator
		{B5D5D93E-05AE-4115-AB66-831A01D0E492}.AppStore|x64.ActiveCfg = AppStore|iPhone
		{B5D5D93E-05AE-4115-AB66-831A01D0E492}.AppStore|x64.Build.0 = AppStore|iPhone
		{B5D5D93E-05AE-4115-AB66-831A01D0E492}.AppStore|x64.Deploy.0 = AppStore|iPhone
		{B5D5D93E-05AE-4115-AB66-831A01D0E492}.AppStore|x86.ActiveCfg = AppStore|iPhone
		{B5D5D93E-05AE-4115-AB66-831A01D0E492}.AppStore|x86.Build.0 = AppStore|iPhone
		{B5D5D93E-05AE-4115-AB66-831A01D0E492}.AppStore|x86.Deploy.0 = AppStore|iPhone
		{B5D5D93E-05AE-4115-AB66-831A01D0E492}.Debug|Any CPU.ActiveCfg = Debug|iPhoneSimulator
		{B5D5D93E-05AE-4115-AB66-831A01D0E492}.Debug|Any CPU.Build.0 = Debug|iPhoneSimulator
		{B5D5D93E-05AE-4115-AB66-831A01D0E492}.Debug|Any CPU.Deploy.0 = Debug|iPhoneSimulator
		{B5D5D93E-05AE-4115-AB66-831A01D0E492}.Debug|ARM.ActiveCfg = Debug|iPhone
		{B5D5D93E-05AE-4115-AB66-831A01D0E492}.Debug|ARM.Build.0 = Debug|iPhone
		{B5D5D93E-05AE-4115-AB66-831A01D0E492}.Debug|ARM.Deploy.0 = Debug|iPhone
		{B5D5D93E-05AE-4115-AB66-831A01D0E492}.Debug|iPhone.ActiveCfg = Debug|iPhone
		{B5D5D93E-05AE-4115-AB66-831A01D0E492}.Debug|iPhone.Build.0 = Debug|iPhone
		{B5D5D93E-05AE-4115-AB66-831A01D0E492}.Debug|iPhone.Deploy.0 = Debug|iPhone
		{B5D5D93E-05AE-4115-AB66-831A01D0E492}.Debug|iPhoneSimulator.ActiveCfg = Debug|iPhoneSimulator
		{B5D5D93E-05AE-4115-AB66-831A01D0E492}.Debug|iPhoneSimulator.Build.0 = Debug|iPhoneSimulator
		{B5D5D93E-05AE-4115-AB66-831A01D0E492}.Debug|iPhoneSimulator.Deploy.0 = Debug|iPhoneSimulator
		{B5D5D93E-05AE-4115-AB66-831A01D0E492}.Debug|x64.ActiveCfg = Debug|iPhone
		{B5D5D93E-05AE-4115-AB66-831A01D0E492}.Debug|x64.Build.0 = Debug|iPhone
		{B5D5D93E-05AE-4115-AB66-831A01D0E492}.Debug|x64.Deploy.0 = Debug|iPhone
		{B5D5D93E-05AE-4115-AB66-831A01D0E492}.Debug|x86.ActiveCfg = Debug|iPhone
		{B5D5D93E-05AE-4115-AB66-831A01D0E492}.Debug|x86.Build.0 = Debug|iPhone
		{B5D5D93E-05AE-4115-AB66-831A01D0E492}.Debug|x86.Deploy.0 = Debug|iPhone
		{B5D5D93E-05AE-4115-AB66-831A01D0E492}.Release|Any CPU.ActiveCfg = Release|iPhone
		{B5D5D93E-05AE-4115-AB66-831A01D0E492}.Release|Any CPU.Build.0 = Release|iPhone
		{B5D5D93E-05AE-4115-AB66-831A01D0E492}.Release|Any CPU.Deploy.0 = Release|iPhone
		{B5D5D93E-05AE-4115-AB66-831A01D0E492}.Release|ARM.ActiveCfg = Release|iPhone
		{B5D5D93E-05AE-4115-AB66-831A01D0E492}.Release|ARM.Build.0 = Release|iPhone
		{B5D5D93E-05AE-4115-AB66-831A01D0E492}.Release|ARM.Deploy.0 = Release|iPhone
		{B5D5D93E-05AE-4115-AB66-831A01D0E492}.Release|iPhone.ActiveCfg = Release|iPhone
		{B5D5D93E-05AE-4115-AB66-831A01D0E492}.Release|iPhone.Build.0 = Release|iPhone
		{B5D5D93E-05AE-4115-AB66-831A01D0E492}.Release|iPhone.Deploy.0 = Release|iPhone
		{B5D5D93E-05AE-4115-AB66-831A01D0E492}.Release|iPhoneSimulator.ActiveCfg = Release|iPhoneSimulator
		{B5D5D93E-05AE-4115-AB66-831A01D0E492}.Release|iPhoneSimulator.Build.0 = Release|iPhoneSimulator
		{B5D5D93E-05AE-4115-AB66-831A01D0E492}.Release|iPhoneSimulator.Deploy.0 = Release|iPhoneSimulator
		{B5D5D93E-05AE-4115-AB66-831A01D0E492}.Release|x64.ActiveCfg = Release|iPhone
		{B5D5D93E-05AE-4115-AB66-831A01D0E492}.Release|x64.Build.0 = Release|iPhone
		{B5D5D93E-05AE-4115-AB66-831A01D0E492}.Release|x64.Deploy.0 = Release|iPhone
		{B5D5D93E-05AE-4115-AB66-831A01D0E492}.Release|x86.ActiveCfg = Release|iPhone
		{B5D5D93E-05AE-4115-AB66-831A01D0E492}.Release|x86.Build.0 = Release|iPhone
		{B5D5D93E-05AE-4115-AB66-831A01D0E492}.Release|x86.Deploy.0 = Release|iPhone
		{0F117734-85CD-4557-88F4-5F3887BB600C}.Ad-Hoc|Any CPU.ActiveCfg = Release|x86
		{0F117734-85CD-4557-88F4-5F3887BB600C}.Ad-Hoc|Any CPU.Build.0 = Release|x86
		{0F117734-85CD-4557-88F4-5F3887BB600C}.Ad-Hoc|Any CPU.Deploy.0 = Release|x86
		{0F117734-85CD-4557-88F4-5F3887BB600C}.Ad-Hoc|ARM.ActiveCfg = Release|ARM
		{0F117734-85CD-4557-88F4-5F3887BB600C}.Ad-Hoc|ARM.Build.0 = Release|ARM
		{0F117734-85CD-4557-88F4-5F3887BB600C}.Ad-Hoc|ARM.Deploy.0 = Release|ARM
		{0F117734-85CD-4557-88F4-5F3887BB600C}.Ad-Hoc|iPhone.ActiveCfg = Release|x86
		{0F117734-85CD-4557-88F4-5F3887BB600C}.Ad-Hoc|iPhone.Build.0 = Release|x86
		{0F117734-85CD-4557-88F4-5F3887BB600C}.Ad-Hoc|iPhone.Deploy.0 = Release|x86
		{0F117734-85CD-4557-88F4-5F3887BB600C}.Ad-Hoc|iPhoneSimulator.ActiveCfg = Release|x86
		{0F117734-85CD-4557-88F4-5F3887BB600C}.Ad-Hoc|iPhoneSimulator.Build.0 = Release|x86
		{0F117734-85CD-4557-88F4-5F3887BB600C}.Ad-Hoc|iPhoneSimulator.Deploy.0 = Release|x86
		{0F117734-85CD-4557-88F4-5F3887BB600C}.Ad-Hoc|x64.ActiveCfg = Release|x64
		{0F117734-85CD-4557-88F4-5F3887BB600C}.Ad-Hoc|x64.Build.0 = Release|x64
		{0F117734-85CD-4557-88F4-5F3887BB600C}.Ad-Hoc|x64.Deploy.0 = Release|x64
		{0F117734-85CD-4557-88F4-5F3887BB600C}.Ad-Hoc|x86.ActiveCfg = Release|x86
		{0F117734-85CD-4557-88F4-5F3887BB600C}.Ad-Hoc|x86.Build.0 = Release|x86
		{0F117734-85CD-4557-88F4-5F3887BB600C}.Ad-Hoc|x86.Deploy.0 = Release|x86
		{0F117734-85CD-4557-88F4-5F3887BB600C}.AppStore|Any CPU.ActiveCfg = Release|x86
		{0F117734-85CD-4557-88F4-5F3887BB600C}.AppStore|Any CPU.Build.0 = Release|x86
		{0F117734-85CD-4557-88F4-5F3887BB600C}.AppStore|Any CPU.Deploy.0 = Release|x86
		{0F117734-85CD-4557-88F4-5F3887BB600C}.AppStore|ARM.ActiveCfg = Release|ARM
		{0F117734-85CD-4557-88F4-5F3887BB600C}.AppStore|ARM.Build.0 = Release|ARM
		{0F117734-85CD-4557-88F4-5F3887BB600C}.AppStore|ARM.Deploy.0 = Release|ARM
		{0F117734-85CD-4557-88F4-5F3887BB600C}.AppStore|iPhone.ActiveCfg = Release|x86
		{0F117734-85CD-4557-88F4-5F3887BB600C}.AppStore|iPhone.Build.0 = Release|x86
		{0F117734-85CD-4557-88F4-5F3887BB600C}.AppStore|iPhone.Deploy.0 = Release|x86
		{0F117734-85CD-4557-88F4-5F3887BB600C}.AppStore|iPhoneSimulator.ActiveCfg = Release|x86
		{0F117734-85CD-4557-88F4-5F3887BB600C}.AppStore|iPhoneSimulator.Build.0 = Release|x86
		{0F117734-85CD-4557-88F4-5F3887BB600C}.AppStore|iPhoneSimulator.Deploy.0 = Release|x86
		{0F117734-85CD-4557-88F4-5F3887BB600C}.AppStore|x64.ActiveCfg = Release|x64
		{0F117734-85CD-4557-88F4-5F3887BB600C}.AppStore|x64.Build.0 = Release|x64
		{0F117734-85CD-4557-88F4-5F3887BB600C}.AppStore|x64.Deploy.0 = Release|x64
		{0F117734-85CD-4557-88F4-5F3887BB600C}.AppStore|x86.ActiveCfg = Release|x86
		{0F117734-85CD-4557-88F4-5F3887BB600C}.AppStore|x86.Build.0 = Release|x86
		{0F117734-85CD-4557-88F4-5F3887BB600C}.AppStore|x86.Deploy.0 = Release|x86
		{0F117734-85CD-4557-88F4-5F3887BB600C}.Debug|Any CPU.ActiveCfg = Debug|x86
		{0F117734-85CD-4557-88F4-5F3887BB600C}.Debug|Any CPU.Build.0 = Debug|x86
		{0F117734-85CD-4557-88F4-5F3887BB600C}.Debug|Any CPU.Deploy.0 = Debug|x86
		{0F117734-85CD-4557-88F4-5F3887BB600C}.Debug|ARM.ActiveCfg = Debug|ARM
		{0F117734-85CD-4557-88F4-5F3887BB600C}.Debug|ARM.Build.0 = Debug|ARM
		{0F117734-85CD-4557-88F4-5F3887BB600C}.Debug|ARM.Deploy.0 = Debug|ARM
		{0F117734-85CD-4557-88F4-5F3887BB600C}.Debug|iPhone.ActiveCfg = Debug|x86
		{0F117734-85CD-4557-88F4-5F3887BB600C}.Debug|iPhone.Build.0 = Debug|x86
		{0F117734-85CD-4557-88F4-5F3887BB600C}.Debug|iPhone.Deploy.0 = Debug|x86
		{0F117734-85CD-4557-88F4-5F3887BB600C}.Debug|iPhoneSimulator.ActiveCfg = Debug|x86
		{0F117734-85CD-4557-88F4-5F3887BB600C}.Debug|iPhoneSimulator.Build.0 = Debug|x86
		{0F117734-85CD-4557-88F4-5F3887BB600C}.Debug|iPhoneSimulator.Deploy.0 = Debug|x86
		{0F117734-85CD-4557-88F4-5F3887BB600C}.Debug|x64.ActiveCfg = Debug|x64
		{0F117734-85CD-4557-88F4-5F3887BB600C}.Debug|x64.Build.0 = Debug|x64
		{0F117734-85CD-4557-88F4-5F3887BB600C}.Debug|x64.Deploy.0 = Debug|x64
		{0F117734-85CD-4557-88F4-5F3887BB600C}.Debug|x86.ActiveCfg = Debug|x86
		{0F117734-85CD-4557-88F4-5F3887BB600C}.Debug|x86.Build.0 = Debug|x86
		{0F117734-85CD-4557-88F4-5F3887BB600C}.Debug|x86.Deploy.0 = Debug|x86
		{0F117734-85CD-4557-88F4-5F3887BB600C}.Release|Any CPU.ActiveCfg = Release|x86
		{0F117734-85CD-4557-88F4-5F3887BB600C}.Release|Any CPU.Build.0 = Release|x86
		{0F117734-85CD-4557-88F4-5F3887BB600C}.Release|Any CPU.Deploy.0 = Release|x86
		{0F117734-85CD-4557-88F4-5F3887BB600C}.Release|ARM.ActiveCfg = Release|ARM
		{0F117734-85CD-4557-88F4-5F3887BB600C}.Release|ARM.Build.0 = Release|ARM
		{0F117734-85CD-4557-88F4-5F3887BB600C}.Release|ARM.Deploy.0 = Release|ARM
		{0F117734-85CD-4557-88F4-5F3887BB600C}.Release|iPhone.ActiveCfg = Release|x86
		{0F117734-85CD-4557-88F4-5F3887BB600C}.Release|iPhone.Build.0 = Release|x86
		{0F117734-85CD-4557-88F4-5F3887BB600C}.Release|iPhone.Deploy.0 = Release|x86
		{0F117734-85CD-4557-88F4-5F3887BB600C}.Release|iPhoneSimulator.ActiveCfg = Release|x86
		{0F117734-85CD-4557-88F4-5F3887BB600C}.Release|iPhoneSimulator.Build.0 = Release|x86
		{0F117734-85CD-4557-88F4-5F3887BB600C}.Release|iPhoneSimulator.Deploy.0 = Release|x86
		{0F117734-85CD-4557-88F4-5F3887BB600C}.Release|x64.ActiveCfg = Release|x64
		{0F117734-85CD-4557-88F4-5F3887BB600C}.Release|x64.Build.0 = Release|x64
		{0F117734-85CD-4557-88F4-5F3887BB600C}.Release|x64.Deploy.0 = Release|x64
		{0F117734-85CD-4557-88F4-5F3887BB600C}.Release|x86.ActiveCfg = Release|x86
		{0F117734-85CD-4557-88F4-5F3887BB600C}.Release|x86.Build.0 = Release|x86
		{0F117734-85CD-4557-88F4-5F3887BB600C}.Release|x86.Deploy.0 = Release|x86
		{EC1C9B23-E3C8-497A-921B-2C50C44273F9}.Ad-Hoc|Any CPU.ActiveCfg = Debug|Any CPU
		{EC1C9B23-E3C8-497A-921B-2C50C44273F9}.Ad-Hoc|Any CPU.Build.0 = Debug|Any CPU
		{EC1C9B23-E3C8-497A-921B-2C50C44273F9}.Ad-Hoc|Any CPU.Deploy.0 = Debug|Any CPU
		{EC1C9B23-E3C8-497A-921B-2C50C44273F9}.Ad-Hoc|ARM.ActiveCfg = Debug|Any CPU
		{EC1C9B23-E3C8-497A-921B-2C50C44273F9}.Ad-Hoc|ARM.Build.0 = Debug|Any CPU
		{EC1C9B23-E3C8-497A-921B-2C50C44273F9}.Ad-Hoc|ARM.Deploy.0 = Debug|Any CPU
		{EC1C9B23-E3C8-497A-921B-2C50C44273F9}.Ad-Hoc|iPhone.ActiveCfg = Debug|Any CPU
		{EC1C9B23-E3C8-497A-921B-2C50C44273F9}.Ad-Hoc|iPhone.Build.0 = Debug|Any CPU
		{EC1C9B23-E3C8-497A-921B-2C50C44273F9}.Ad-Hoc|iPhone.Deploy.0 = Debug|Any CPU
		{EC1C9B23-E3C8-497A-921B-2C50C44273F9}.Ad-Hoc|iPhoneSimulator.ActiveCfg = Debug|Any CPU
		{EC1C9B23-E3C8-497A-921B-2C50C44273F9}.Ad-Hoc|iPhoneSimulator.Build.0 = Debug|Any CPU
		{EC1C9B23-E3C8-497A-921B-2C50C44273F9}.Ad-Hoc|iPhoneSimulator.Deploy.0 = Debug|Any CPU
		{EC1C9B23-E3C8-497A-921B-2C50C44273F9}.Ad-Hoc|x64.ActiveCfg = Debug|Any CPU
		{EC1C9B23-E3C8-497A-921B-2C50C44273F9}.Ad-Hoc|x64.Build.0 = Debug|Any CPU
		{EC1C9B23-E3C8-497A-921B-2C50C44273F9}.Ad-Hoc|x64.Deploy.0 = Debug|Any CPU
		{EC1C9B23-E3C8-497A-921B-2C50C44273F9}.Ad-Hoc|x86.ActiveCfg = Debug|Any CPU
		{EC1C9B23-E3C8-497A-921B-2C50C44273F9}.Ad-Hoc|x86.Build.0 = Debug|Any CPU
		{EC1C9B23-E3C8-497A-921B-2C50C44273F9}.Ad-Hoc|x86.Deploy.0 = Debug|Any CPU
		{EC1C9B23-E3C8-497A-921B-2C50C44273F9}.AppStore|Any CPU.ActiveCfg = Debug|Any CPU
		{EC1C9B23-E3C8-497A-921B-2C50C44273F9}.AppStore|Any CPU.Build.0 = Debug|Any CPU
		{EC1C9B23-E3C8-497A-921B-2C50C44273F9}.AppStore|Any CPU.Deploy.0 = Debug|Any CPU
		{EC1C9B23-E3C8-497A-921B-2C50C44273F9}.AppStore|ARM.ActiveCfg = Debug|Any CPU
		{EC1C9B23-E3C8-497A-921B-2C50C44273F9}.AppStore|ARM.Build.0 = Debug|Any CPU
		{EC1C9B23-E3C8-497A-921B-2C50C44273F9}.AppStore|ARM.Deploy.0 = Debug|Any CPU
		{EC1C9B23-E3C8-497A-921B-2C50C44273F9}.AppStore|iPhone.ActiveCfg = Debug|Any CPU
		{EC1C9B23-E3C8-497A-921B-2C50C44273F9}.AppStore|iPhone.Build.0 = Debug|Any CPU
		{EC1C9B23-E3C8-497A-921B-2C50C44273F9}.AppStore|iPhone.Deploy.0 = Debug|Any CPU
		{EC1C9B23-E3C8-497A-921B-2C50C44273F9}.AppStore|iPhoneSimulator.ActiveCfg = Debug|Any CPU
		{EC1C9B23-E3C8-497A-921B-2C50C44273F9}.AppStore|iPhoneSimulator.Build.0 = Debug|Any CPU
		{EC1C9B23-E3C8-497A-921B-2C50C44273F9}.AppStore|iPhoneSimulator.Deploy.0 = Debug|Any CPU
		{EC1C9B23-E3C8-497A-921B-2C50C44273F9}.AppStore|x64.ActiveCfg = Debug|Any CPU
		{EC1C9B23-E3C8-497A-921B-2C50C44273F9}.AppStore|x64.Build.0 = Debug|Any CPU
		{EC1C9B23-E3C8-497A-921B-2C50C44273F9}.AppStore|x64.Deploy.0 = Debug|Any CPU
		{EC1C9B23-E3C8-497A-921B-2C50C44273F9}.AppStore|x86.ActiveCfg = Debug|Any CPU
		{EC1C9B23-E3C8-497A-921B-2C50C44273F9}.AppStore|x86.Build.0 = Debug|Any CPU
		{EC1C9B23-E3C8-497A-921B-2C50C44273F9}.AppStore|x86.Deploy.0 = Debug|Any CPU
		{EC1C9B23-E3C8-497A-921B-2C50C44273F9}.Debug|Any CPU.ActiveCfg = Debug|Any CPU
		{EC1C9B23-E3C8-497A-921B-2C50C44273F9}.Debug|Any CPU.Build.0 = Debug|Any CPU
		{EC1C9B23-E3C8-497A-921B-2C50C44273F9}.Debug|Any CPU.Deploy.0 = Debug|Any CPU
		{EC1C9B23-E3C8-497A-921B-2C50C44273F9}.Debug|ARM.ActiveCfg = Debug|Any CPU
		{EC1C9B23-E3C8-497A-921B-2C50C44273F9}.Debug|ARM.Build.0 = Debug|Any CPU
		{EC1C9B23-E3C8-497A-921B-2C50C44273F9}.Debug|ARM.Deploy.0 = Debug|Any CPU
		{EC1C9B23-E3C8-497A-921B-2C50C44273F9}.Debug|iPhone.ActiveCfg = Debug|Any CPU
		{EC1C9B23-E3C8-497A-921B-2C50C44273F9}.Debug|iPhone.Build.0 = Debug|Any CPU
		{EC1C9B23-E3C8-497A-921B-2C50C44273F9}.Debug|iPhone.Deploy.0 = Debug|Any CPU
		{EC1C9B23-E3C8-497A-921B-2C50C44273F9}.Debug|iPhoneSimulator.ActiveCfg = Debug|Any CPU
		{EC1C9B23-E3C8-497A-921B-2C50C44273F9}.Debug|iPhoneSimulator.Build.0 = Debug|Any CPU
		{EC1C9B23-E3C8-497A-921B-2C50C44273F9}.Debug|iPhoneSimulator.Deploy.0 = Debug|Any CPU
		{EC1C9B23-E3C8-497A-921B-2C50C44273F9}.Debug|x64.ActiveCfg = Debug|Any CPU
		{EC1C9B23-E3C8-497A-921B-2C50C44273F9}.Debug|x64.Build.0 = Debug|Any CPU
		{EC1C9B23-E3C8-497A-921B-2C50C44273F9}.Debug|x64.Deploy.0 = Debug|Any CPU
		{EC1C9B23-E3C8-497A-921B-2C50C44273F9}.Debug|x86.ActiveCfg = Debug|Any CPU
		{EC1C9B23-E3C8-497A-921B-2C50C44273F9}.Debug|x86.Build.0 = Debug|Any CPU
		{EC1C9B23-E3C8-497A-921B-2C50C44273F9}.Debug|x86.Deploy.0 = Debug|Any CPU
		{EC1C9B23-E3C8-497A-921B-2C50C44273F9}.Release|Any CPU.ActiveCfg = Release|Any CPU
		{EC1C9B23-E3C8-497A-921B-2C50C44273F9}.Release|Any CPU.Build.0 = Release|Any CPU
		{EC1C9B23-E3C8-497A-921B-2C50C44273F9}.Release|Any CPU.Deploy.0 = Release|Any CPU
		{EC1C9B23-E3C8-497A-921B-2C50C44273F9}.Release|ARM.ActiveCfg = Release|Any CPU
		{EC1C9B23-E3C8-497A-921B-2C50C44273F9}.Release|ARM.Build.0 = Release|Any CPU
		{EC1C9B23-E3C8-497A-921B-2C50C44273F9}.Release|ARM.Deploy.0 = Release|Any CPU
		{EC1C9B23-E3C8-497A-921B-2C50C44273F9}.Release|iPhone.ActiveCfg = Release|Any CPU
		{EC1C9B23-E3C8-497A-921B-2C50C44273F9}.Release|iPhone.Build.0 = Release|Any CPU
		{EC1C9B23-E3C8-497A-921B-2C50C44273F9}.Release|iPhone.Deploy.0 = Release|Any CPU
		{EC1C9B23-E3C8-497A-921B-2C50C44273F9}.Release|iPhoneSimulator.ActiveCfg = Release|Any CPU
		{EC1C9B23-E3C8-497A-921B-2C50C44273F9}.Release|iPhoneSimulator.Build.0 = Release|Any CPU
		{EC1C9B23-E3C8-497A-921B-2C50C44273F9}.Release|iPhoneSimulator.Deploy.0 = Release|Any CPU
		{EC1C9B23-E3C8-497A-921B-2C50C44273F9}.Release|x64.ActiveCfg = Release|Any CPU
		{EC1C9B23-E3C8-497A-921B-2C50C44273F9}.Release|x64.Build.0 = Release|Any CPU
		{EC1C9B23-E3C8-497A-921B-2C50C44273F9}.Release|x64.Deploy.0 = Release|Any CPU
		{EC1C9B23-E3C8-497A-921B-2C50C44273F9}.Release|x86.ActiveCfg = Release|Any CPU
		{EC1C9B23-E3C8-497A-921B-2C50C44273F9}.Release|x86.Build.0 = Release|Any CPU
		{EC1C9B23-E3C8-497A-921B-2C50C44273F9}.Release|x86.Deploy.0 = Release|Any CPU
	EndGlobalSection
	GlobalSection(SolutionProperties) = preSolution
		HideSolutionNode = FALSE
	EndGlobalSection
	GlobalSection(ExtensibilityGlobals) = postSolution
		SolutionGuid = {BDAB8161-43B7-442F-8105-FE77E03B956E}
	EndGlobalSection
EndGlobal
