
Microsoft Visual Studio Solution File, Format Version 12.00
# Visual Studio 15
VisualStudioVersion = 15.0.27703.1
MinimumVisualStudioVersion = 10.0.40219.1
Project("{FAE04EC0-301F-11D3-BF4B-00C04F79EFBC}") = "App01_ConsultarCEP.Android", "App01_ConsultarCEP\App01_ConsultarCEP.Android\App01_ConsultarCEP.Android.csproj", "{8D48886B-6FC2-4047-9E33-9A3EC958AD30}"
EndProject
Project("{FAE04EC0-301F-11D3-BF4B-00C04F79EFBC}") = "App01_ConsultarCEP.iOS", "App01_ConsultarCEP\App01_ConsultarCEP.iOS\App01_ConsultarCEP.iOS.csproj", "{CD376D63-88A4-4CBB-A73B-79EE871980D7}"
EndProject
Project("{FAE04EC0-301F-11D3-BF4B-00C04F79EFBC}") = "App01_ConsultarCEP.UWP", "App01_ConsultarCEP\App01_ConsultarCEP.UWP\App01_ConsultarCEP.UWP.csproj", "{D17133CD-0275-4BB5-9740-4D25B6D97601}"
EndProject
Project("{FAE04EC0-301F-11D3-BF4B-00C04F79EFBC}") = "App01_ConsultarCEP", "App01_ConsultarCEP\App01_ConsultarCEP\App01_ConsultarCEP.csproj", "{F2AFF3BC-77E6-4C3E-BFE4-765E8F99849E}"
EndProject
Global
	GlobalSection(SolutionConfigurationPlatforms) = preSolution
		Ad-Hoc|Any CPU = Ad-Hoc|Any CPU
		Ad-Hoc|ARM = Ad-Hoc|ARM
		Ad-Hoc|iPhone = Ad-Hoc|iPhone
		Ad-Hoc|iPhoneSimulator = Ad-Hoc|iPhoneSimulator
		Ad-Hoc|x64 = Ad-Hoc|x64
		Ad-Hoc|x86 = Ad-Hoc|x86
		AppStore|Any CPU = AppStore|Any CPU
		AppStore|ARM = AppStore|ARM
		AppStore|iPhone = AppStore|iPhone
		AppStore|iPhoneSimulator = AppStore|iPhoneSimulator
		AppStore|x64 = AppStore|x64
		AppStore|x86 = AppStore|x86
		Debug|Any CPU = Debug|Any CPU
		Debug|ARM = Debug|ARM
		Debug|iPhone = Debug|iPhone
		Debug|iPhoneSimulator = Debug|iPhoneSimulator
		Debug|x64 = Debug|x64
		Debug|x86 = Debug|x86
		Release|Any CPU = Release|Any CPU
		Release|ARM = Release|ARM
		Release|iPhone = Release|iPhone
		Release|iPhoneSimulator = Release|iPhoneSimulator
		Release|x64 = Release|x64
		Release|x86 = Release|x86
	EndGlobalSection
	GlobalSection(ProjectConfigurationPlatforms) = postSolution
		{8D48886B-6FC2-4047-9E33-9A3EC958AD30}.Ad-Hoc|Any CPU.ActiveCfg = Release|Any CPU
		{8D48886B-6FC2-4047-9E33-9A3EC958AD30}.Ad-Hoc|Any CPU.Build.0 = Release|Any CPU
		{8D48886B-6FC2-4047-9E33-9A3EC958AD30}.Ad-Hoc|Any CPU.Deploy.0 = Release|Any CPU
		{8D48886B-6FC2-4047-9E33-9A3EC958AD30}.Ad-Hoc|ARM.ActiveCfg = Release|Any CPU
		{8D48886B-6FC2-4047-9E33-9A3EC958AD30}.Ad-Hoc|ARM.Build.0 = Release|Any CPU
		{8D48886B-6FC2-4047-9E33-9A3EC958AD30}.Ad-Hoc|ARM.Deploy.0 = Release|Any CPU
		{8D48886B-6FC2-4047-9E33-9A3EC958AD30}.Ad-Hoc|iPhone.ActiveCfg = Release|Any CPU
		{8D48886B-6FC2-4047-9E33-9A3EC958AD30}.Ad-Hoc|iPhone.Build.0 = Release|Any CPU
		{8D48886B-6FC2-4047-9E33-9A3EC958AD30}.Ad-Hoc|iPhone.Deploy.0 = Release|Any CPU
		{8D48886B-6FC2-4047-9E33-9A3EC958AD30}.Ad-Hoc|iPhoneSimulator.ActiveCfg = Release|Any CPU
		{8D48886B-6FC2-4047-9E33-9A3EC958AD30}.Ad-Hoc|iPhoneSimulator.Build.0 = Release|Any CPU
		{8D48886B-6FC2-4047-9E33-9A3EC958AD30}.Ad-Hoc|iPhoneSimulator.Deploy.0 = Release|Any CPU
		{8D48886B-6FC2-4047-9E33-9A3EC958AD30}.Ad-Hoc|x64.ActiveCfg = Release|Any CPU
		{8D48886B-6FC2-4047-9E33-9A3EC958AD30}.Ad-Hoc|x64.Build.0 = Release|Any CPU
		{8D48886B-6FC2-4047-9E33-9A3EC958AD30}.Ad-Hoc|x64.Deploy.0 = Release|Any CPU
		{8D48886B-6FC2-4047-9E33-9A3EC958AD30}.Ad-Hoc|x86.ActiveCfg = Release|Any CPU
		{8D48886B-6FC2-4047-9E33-9A3EC958AD30}.Ad-Hoc|x86.Build.0 = Release|Any CPU
		{8D48886B-6FC2-4047-9E33-9A3EC958AD30}.Ad-Hoc|x86.Deploy.0 = Release|Any CPU
		{8D48886B-6FC2-4047-9E33-9A3EC958AD30}.AppStore|Any CPU.ActiveCfg = Release|Any CPU
		{8D48886B-6FC2-4047-9E33-9A3EC958AD30}.AppStore|Any CPU.Build.0 = Release|Any CPU
		{8D48886B-6FC2-4047-9E33-9A3EC958AD30}.AppStore|Any CPU.Deploy.0 = Release|Any CPU
		{8D48886B-6FC2-4047-9E33-9A3EC958AD30}.AppStore|ARM.ActiveCfg = Release|Any CPU
		{8D48886B-6FC2-4047-9E33-9A3EC958AD30}.AppStore|ARM.Build.0 = Release|Any CPU
		{8D48886B-6FC2-4047-9E33-9A3EC958AD30}.AppStore|ARM.Deploy.0 = Release|Any CPU
		{8D48886B-6FC2-4047-9E33-9A3EC958AD30}.AppStore|iPhone.ActiveCfg = Release|Any CPU
		{8D48886B-6FC2-4047-9E33-9A3EC958AD30}.AppStore|iPhone.Build.0 = Release|Any CPU
		{8D48886B-6FC2-4047-9E33-9A3EC958AD30}.AppStore|iPhone.Deploy.0 = Release|Any CPU
		{8D48886B-6FC2-4047-9E33-9A3EC958AD30}.AppStore|iPhoneSimulator.ActiveCfg = Release|Any CPU
		{8D48886B-6FC2-4047-9E33-9A3EC958AD30}.AppStore|iPhoneSimulator.Build.0 = Release|Any CPU
		{8D48886B-6FC2-4047-9E33-9A3EC958AD30}.AppStore|iPhoneSimulator.Deploy.0 = Release|Any CPU
		{8D48886B-6FC2-4047-9E33-9A3EC958AD30}.AppStore|x64.ActiveCfg = Release|Any CPU
		{8D48886B-6FC2-4047-9E33-9A3EC958AD30}.AppStore|x64.Build.0 = Release|Any CPU
		{8D48886B-6FC2-4047-9E33-9A3EC958AD30}.AppStore|x64.Deploy.0 = Release|Any CPU
		{8D48886B-6FC2-4047-9E33-9A3EC958AD30}.AppStore|x86.ActiveCfg = Release|Any CPU
		{8D48886B-6FC2-4047-9E33-9A3EC958AD30}.AppStore|x86.Build.0 = Release|Any CPU
		{8D48886B-6FC2-4047-9E33-9A3EC958AD30}.AppStore|x86.Deploy.0 = Release|Any CPU
		{8D48886B-6FC2-4047-9E33-9A3EC958AD30}.Debug|Any CPU.ActiveCfg = Debug|Any CPU
		{8D48886B-6FC2-4047-9E33-9A3EC958AD30}.Debug|Any CPU.Build.0 = Debug|Any CPU
		{8D48886B-6FC2-4047-9E33-9A3EC958AD30}.Debug|Any CPU.Deploy.0 = Debug|Any CPU
		{8D48886B-6FC2-4047-9E33-9A3EC958AD30}.Debug|ARM.ActiveCfg = Debug|Any CPU
		{8D48886B-6FC2-4047-9E33-9A3EC958AD30}.Debug|ARM.Build.0 = Debug|Any CPU
		{8D48886B-6FC2-4047-9E33-9A3EC958AD30}.Debug|ARM.Deploy.0 = Debug|Any CPU
		{8D48886B-6FC2-4047-9E33-9A3EC958AD30}.Debug|iPhone.ActiveCfg = Debug|Any CPU
		{8D48886B-6FC2-4047-9E33-9A3EC958AD30}.Debug|iPhone.Build.0 = Debug|Any CPU
		{8D48886B-6FC2-4047-9E33-9A3EC958AD30}.Debug|iPhone.Deploy.0 = Debug|Any CPU
		{8D48886B-6FC2-4047-9E33-9A3EC958AD30}.Debug|iPhoneSimulator.ActiveCfg = Debug|Any CPU
		{8D48886B-6FC2-4047-9E33-9A3EC958AD30}.Debug|iPhoneSimulator.Build.0 = Debug|Any CPU
		{8D48886B-6FC2-4047-9E33-9A3EC958AD30}.Debug|iPhoneSimulator.Deploy.0 = Debug|Any CPU
		{8D48886B-6FC2-4047-9E33-9A3EC958AD30}.Debug|x64.ActiveCfg = Debug|Any CPU
		{8D48886B-6FC2-4047-9E33-9A3EC958AD30}.Debug|x64.Build.0 = Debug|Any CPU
		{8D48886B-6FC2-4047-9E33-9A3EC958AD30}.Debug|x64.Deploy.0 = Debug|Any CPU
		{8D48886B-6FC2-4047-9E33-9A3EC958AD30}.Debug|x86.ActiveCfg = Debug|Any CPU
		{8D48886B-6FC2-4047-9E33-9A3EC958AD30}.Debug|x86.Build.0 = Debug|Any CPU
		{8D48886B-6FC2-4047-9E33-9A3EC958AD30}.Debug|x86.Deploy.0 = Debug|Any CPU
		{8D48886B-6FC2-4047-9E33-9A3EC958AD30}.Release|Any CPU.ActiveCfg = Release|Any CPU
		{8D48886B-6FC2-4047-9E33-9A3EC958AD30}.Release|Any CPU.Build.0 = Release|Any CPU
		{8D48886B-6FC2-4047-9E33-9A3EC958AD30}.Release|Any CPU.Deploy.0 = Release|Any CPU
		{8D48886B-6FC2-4047-9E33-9A3EC958AD30}.Release|ARM.ActiveCfg = Release|Any CPU
		{8D48886B-6FC2-4047-9E33-9A3EC958AD30}.Release|ARM.Build.0 = Release|Any CPU
		{8D48886B-6FC2-4047-9E33-9A3EC958AD30}.Release|ARM.Deploy.0 = Release|Any CPU
		{8D48886B-6FC2-4047-9E33-9A3EC958AD30}.Release|iPhone.ActiveCfg = Release|Any CPU
		{8D48886B-6FC2-4047-9E33-9A3EC958AD30}.Release|iPhone.Build.0 = Release|Any CPU
		{8D48886B-6FC2-4047-9E33-9A3EC958AD30}.Release|iPhone.Deploy.0 = Release|Any CPU
		{8D48886B-6FC2-4047-9E33-9A3EC958AD30}.Release|iPhoneSimulator.ActiveCfg = Release|Any CPU
		{8D48886B-6FC2-4047-9E33-9A3EC958AD30}.Release|iPhoneSimulator.Build.0 = Release|Any CPU
		{8D48886B-6FC2-4047-9E33-9A3EC958AD30}.Release|iPhoneSimulator.Deploy.0 = Release|Any CPU
		{8D48886B-6FC2-4047-9E33-9A3EC958AD30}.Release|x64.ActiveCfg = Release|Any CPU
		{8D48886B-6FC2-4047-9E33-9A3EC958AD30}.Release|x64.Build.0 = Release|Any CPU
		{8D48886B-6FC2-4047-9E33-9A3EC958AD30}.Release|x64.Deploy.0 = Release|Any CPU
		{8D48886B-6FC2-4047-9E33-9A3EC958AD30}.Release|x86.ActiveCfg = Release|Any CPU
		{8D48886B-6FC2-4047-9E33-9A3EC958AD30}.Release|x86.Build.0 = Release|Any CPU
		{8D48886B-6FC2-4047-9E33-9A3EC958AD30}.Release|x86.Deploy.0 = Release|Any CPU
		{CD376D63-88A4-4CBB-A73B-79EE871980D7}.Ad-Hoc|Any CPU.ActiveCfg = Ad-Hoc|iPhone
		{CD376D63-88A4-4CBB-A73B-79EE871980D7}.Ad-Hoc|Any CPU.Build.0 = Ad-Hoc|iPhone
		{CD376D63-88A4-4CBB-A73B-79EE871980D7}.Ad-Hoc|Any CPU.Deploy.0 = Ad-Hoc|iPhone
		{CD376D63-88A4-4CBB-A73B-79EE871980D7}.Ad-Hoc|ARM.ActiveCfg = Ad-Hoc|iPhone
		{CD376D63-88A4-4CBB-A73B-79EE871980D7}.Ad-Hoc|ARM.Build.0 = Ad-Hoc|iPhone
		{CD376D63-88A4-4CBB-A73B-79EE871980D7}.Ad-Hoc|ARM.Deploy.0 = Ad-Hoc|iPhone
		{CD376D63-88A4-4CBB-A73B-79EE871980D7}.Ad-Hoc|iPhone.ActiveCfg = Ad-Hoc|iPhone
		{CD376D63-88A4-4CBB-A73B-79EE871980D7}.Ad-Hoc|iPhone.Build.0 = Ad-Hoc|iPhone
		{CD376D63-88A4-4CBB-A73B-79EE871980D7}.Ad-Hoc|iPhone.Deploy.0 = Ad-Hoc|iPhone
		{CD376D63-88A4-4CBB-A73B-79EE871980D7}.Ad-Hoc|iPhoneSimulator.ActiveCfg = Ad-Hoc|iPhoneSimulator
		{CD376D63-88A4-4CBB-A73B-79EE871980D7}.Ad-Hoc|iPhoneSimulator.Build.0 = Ad-Hoc|iPhoneSimulator
		{CD376D63-88A4-4CBB-A73B-79EE871980D7}.Ad-Hoc|iPhoneSimulator.Deploy.0 = Ad-Hoc|iPhoneSimulator
		{CD376D63-88A4-4CBB-A73B-79EE871980D7}.Ad-Hoc|x64.ActiveCfg = Ad-Hoc|iPhone
		{CD376D63-88A4-4CBB-A73B-79EE871980D7}.Ad-Hoc|x64.Build.0 = Ad-Hoc|iPhone
		{CD376D63-88A4-4CBB-A73B-79EE871980D7}.Ad-Hoc|x64.Deploy.0 = Ad-Hoc|iPhone
		{CD376D63-88A4-4CBB-A73B-79EE871980D7}.Ad-Hoc|x86.ActiveCfg = Ad-Hoc|iPhone
		{CD376D63-88A4-4CBB-A73B-79EE871980D7}.Ad-Hoc|x86.Build.0 = Ad-Hoc|iPhone
		{CD376D63-88A4-4CBB-A73B-79EE871980D7}.Ad-Hoc|x86.Deploy.0 = Ad-Hoc|iPhone
		{CD376D63-88A4-4CBB-A73B-79EE871980D7}.AppStore|Any CPU.ActiveCfg = AppStore|iPhone
		{CD376D63-88A4-4CBB-A73B-79EE871980D7}.AppStore|Any CPU.Build.0 = AppStore|iPhone
		{CD376D63-88A4-4CBB-A73B-79EE871980D7}.AppStore|Any CPU.Deploy.0 = AppStore|iPhone
		{CD376D63-88A4-4CBB-A73B-79EE871980D7}.AppStore|ARM.ActiveCfg = AppStore|iPhone
		{CD376D63-88A4-4CBB-A73B-79EE871980D7}.AppStore|ARM.Build.0 = AppStore|iPhone
		{CD376D63-88A4-4CBB-A73B-79EE871980D7}.AppStore|ARM.Deploy.0 = AppStore|iPhone
		{CD376D63-88A4-4CBB-A73B-79EE871980D7}.AppStore|iPhone.ActiveCfg = AppStore|iPhone
		{CD376D63-88A4-4CBB-A73B-79EE871980D7}.AppStore|iPhone.Build.0 = AppStore|iPhone
		{CD376D63-88A4-4CBB-A73B-79EE871980D7}.AppStore|iPhone.Deploy.0 = AppStore|iPhone
		{CD376D63-88A4-4CBB-A73B-79EE871980D7}.AppStore|iPhoneSimulator.ActiveCfg = AppStore|iPhoneSimulator
		{CD376D63-88A4-4CBB-A73B-79EE871980D7}.AppStore|iPhoneSimulator.Build.0 = AppStore|iPhoneSimulator
		{CD376D63-88A4-4CBB-A73B-79EE871980D7}.AppStore|iPhoneSimulator.Deploy.0 = AppStore|iPhoneSimulator
		{CD376D63-88A4-4CBB-A73B-79EE871980D7}.AppStore|x64.ActiveCfg = AppStore|iPhone
		{CD376D63-88A4-4CBB-A73B-79EE871980D7}.AppStore|x64.Build.0 = AppStore|iPhone
		{CD376D63-88A4-4CBB-A73B-79EE871980D7}.AppStore|x64.Deploy.0 = AppStore|iPhone
		{CD376D63-88A4-4CBB-A73B-79EE871980D7}.AppStore|x86.ActiveCfg = AppStore|iPhone
		{CD376D63-88A4-4CBB-A73B-79EE871980D7}.AppStore|x86.Build.0 = AppStore|iPhone
		{CD376D63-88A4-4CBB-A73B-79EE871980D7}.AppStore|x86.Deploy.0 = AppStore|iPhone
		{CD376D63-88A4-4CBB-A73B-79EE871980D7}.Debug|Any CPU.ActiveCfg = Debug|iPhoneSimulator
		{CD376D63-88A4-4CBB-A73B-79EE871980D7}.Debug|Any CPU.Build.0 = Debug|iPhoneSimulator
		{CD376D63-88A4-4CBB-A73B-79EE871980D7}.Debug|Any CPU.Deploy.0 = Debug|iPhoneSimulator
		{CD376D63-88A4-4CBB-A73B-79EE871980D7}.Debug|ARM.ActiveCfg = Debug|iPhone
		{CD376D63-88A4-4CBB-A73B-79EE871980D7}.Debug|ARM.Build.0 = Debug|iPhone
		{CD376D63-88A4-4CBB-A73B-79EE871980D7}.Debug|ARM.Deploy.0 = Debug|iPhone
		{CD376D63-88A4-4CBB-A73B-79EE871980D7}.Debug|iPhone.ActiveCfg = Debug|iPhone
		{CD376D63-88A4-4CBB-A73B-79EE871980D7}.Debug|iPhone.Build.0 = Debug|iPhone
		{CD376D63-88A4-4CBB-A73B-79EE871980D7}.Debug|iPhone.Deploy.0 = Debug|iPhone
		{CD376D63-88A4-4CBB-A73B-79EE871980D7}.Debug|iPhoneSimulator.ActiveCfg = Debug|iPhoneSimulator
		{CD376D63-88A4-4CBB-A73B-79EE871980D7}.Debug|iPhoneSimulator.Build.0 = Debug|iPhoneSimulator
		{CD376D63-88A4-4CBB-A73B-79EE871980D7}.Debug|iPhoneSimulator.Deploy.0 = Debug|iPhoneSimulator
		{CD376D63-88A4-4CBB-A73B-79EE871980D7}.Debug|x64.ActiveCfg = Debug|iPhone
		{CD376D63-88A4-4CBB-A73B-79EE871980D7}.Debug|x64.Build.0 = Debug|iPhone
		{CD376D63-88A4-4CBB-A73B-79EE871980D7}.Debug|x64.Deploy.0 = Debug|iPhone
		{CD376D63-88A4-4CBB-A73B-79EE871980D7}.Debug|x86.ActiveCfg = Debug|iPhone
		{CD376D63-88A4-4CBB-A73B-79EE871980D7}.Debug|x86.Build.0 = Debug|iPhone
		{CD376D63-88A4-4CBB-A73B-79EE871980D7}.Debug|x86.Deploy.0 = Debug|iPhone
		{CD376D63-88A4-4CBB-A73B-79EE871980D7}.Release|Any CPU.ActiveCfg = Release|iPhone
		{CD376D63-88A4-4CBB-A73B-79EE871980D7}.Release|Any CPU.Build.0 = Release|iPhone
		{CD376D63-88A4-4CBB-A73B-79EE871980D7}.Release|Any CPU.Deploy.0 = Release|iPhone
		{CD376D63-88A4-4CBB-A73B-79EE871980D7}.Release|ARM.ActiveCfg = Release|iPhone
		{CD376D63-88A4-4CBB-A73B-79EE871980D7}.Release|ARM.Build.0 = Release|iPhone
		{CD376D63-88A4-4CBB-A73B-79EE871980D7}.Release|ARM.Deploy.0 = Release|iPhone
		{CD376D63-88A4-4CBB-A73B-79EE871980D7}.Release|iPhone.ActiveCfg = Release|iPhone
		{CD376D63-88A4-4CBB-A73B-79EE871980D7}.Release|iPhone.Build.0 = Release|iPhone
		{CD376D63-88A4-4CBB-A73B-79EE871980D7}.Release|iPhone.Deploy.0 = Release|iPhone
		{CD376D63-88A4-4CBB-A73B-79EE871980D7}.Release|iPhoneSimulator.ActiveCfg = Release|iPhoneSimulator
		{CD376D63-88A4-4CBB-A73B-79EE871980D7}.Release|iPhoneSimulator.Build.0 = Release|iPhoneSimulator
		{CD376D63-88A4-4CBB-A73B-79EE871980D7}.Release|iPhoneSimulator.Deploy.0 = Release|iPhoneSimulator
		{CD376D63-88A4-4CBB-A73B-79EE871980D7}.Release|x64.ActiveCfg = Release|iPhone
		{CD376D63-88A4-4CBB-A73B-79EE871980D7}.Release|x64.Build.0 = Release|iPhone
		{CD376D63-88A4-4CBB-A73B-79EE871980D7}.Release|x64.Deploy.0 = Release|iPhone
		{CD376D63-88A4-4CBB-A73B-79EE871980D7}.Release|x86.ActiveCfg = Release|iPhone
		{CD376D63-88A4-4CBB-A73B-79EE871980D7}.Release|x86.Build.0 = Release|iPhone
		{CD376D63-88A4-4CBB-A73B-79EE871980D7}.Release|x86.Deploy.0 = Release|iPhone
		{D17133CD-0275-4BB5-9740-4D25B6D97601}.Ad-Hoc|Any CPU.ActiveCfg = Release|x86
		{D17133CD-0275-4BB5-9740-4D25B6D97601}.Ad-Hoc|Any CPU.Build.0 = Release|x86
		{D17133CD-0275-4BB5-9740-4D25B6D97601}.Ad-Hoc|Any CPU.Deploy.0 = Release|x86
		{D17133CD-0275-4BB5-9740-4D25B6D97601}.Ad-Hoc|ARM.ActiveCfg = Release|ARM
		{D17133CD-0275-4BB5-9740-4D25B6D97601}.Ad-Hoc|ARM.Build.0 = Release|ARM
		{D17133CD-0275-4BB5-9740-4D25B6D97601}.Ad-Hoc|ARM.Deploy.0 = Release|ARM
		{D17133CD-0275-4BB5-9740-4D25B6D97601}.Ad-Hoc|iPhone.ActiveCfg = Release|x86
		{D17133CD-0275-4BB5-9740-4D25B6D97601}.Ad-Hoc|iPhone.Build.0 = Release|x86
		{D17133CD-0275-4BB5-9740-4D25B6D97601}.Ad-Hoc|iPhone.Deploy.0 = Release|x86
		{D17133CD-0275-4BB5-9740-4D25B6D97601}.Ad-Hoc|iPhoneSimulator.ActiveCfg = Release|x86
		{D17133CD-0275-4BB5-9740-4D25B6D97601}.Ad-Hoc|iPhoneSimulator.Build.0 = Release|x86
		{D17133CD-0275-4BB5-9740-4D25B6D97601}.Ad-Hoc|iPhoneSimulator.Deploy.0 = Release|x86
		{D17133CD-0275-4BB5-9740-4D25B6D97601}.Ad-Hoc|x64.ActiveCfg = Release|x64
		{D17133CD-0275-4BB5-9740-4D25B6D97601}.Ad-Hoc|x64.Build.0 = Release|x64
		{D17133CD-0275-4BB5-9740-4D25B6D97601}.Ad-Hoc|x64.Deploy.0 = Release|x64
		{D17133CD-0275-4BB5-9740-4D25B6D97601}.Ad-Hoc|x86.ActiveCfg = Release|x86
		{D17133CD-0275-4BB5-9740-4D25B6D97601}.Ad-Hoc|x86.Build.0 = Release|x86
		{D17133CD-0275-4BB5-9740-4D25B6D97601}.Ad-Hoc|x86.Deploy.0 = Release|x86
		{D17133CD-0275-4BB5-9740-4D25B6D97601}.AppStore|Any CPU.ActiveCfg = Release|x86
		{D17133CD-0275-4BB5-9740-4D25B6D97601}.AppStore|Any CPU.Build.0 = Release|x86
		{D17133CD-0275-4BB5-9740-4D25B6D97601}.AppStore|Any CPU.Deploy.0 = Release|x86
		{D17133CD-0275-4BB5-9740-4D25B6D97601}.AppStore|ARM.ActiveCfg = Release|ARM
		{D17133CD-0275-4BB5-9740-4D25B6D97601}.AppStore|ARM.Build.0 = Release|ARM
		{D17133CD-0275-4BB5-9740-4D25B6D97601}.AppStore|ARM.Deploy.0 = Release|ARM
		{D17133CD-0275-4BB5-9740-4D25B6D97601}.AppStore|iPhone.ActiveCfg = Release|x86
		{D17133CD-0275-4BB5-9740-4D25B6D97601}.AppStore|iPhone.Build.0 = Release|x86
		{D17133CD-0275-4BB5-9740-4D25B6D97601}.AppStore|iPhone.Deploy.0 = Release|x86
		{D17133CD-0275-4BB5-9740-4D25B6D97601}.AppStore|iPhoneSimulator.ActiveCfg = Release|x86
		{D17133CD-0275-4BB5-9740-4D25B6D97601}.AppStore|iPhoneSimulator.Build.0 = Release|x86
		{D17133CD-0275-4BB5-9740-4D25B6D97601}.AppStore|iPhoneSimulator.Deploy.0 = Release|x86
		{D17133CD-0275-4BB5-9740-4D25B6D97601}.AppStore|x64.ActiveCfg = Release|x64
		{D17133CD-0275-4BB5-9740-4D25B6D97601}.AppStore|x64.Build.0 = Release|x64
		{D17133CD-0275-4BB5-9740-4D25B6D97601}.AppStore|x64.Deploy.0 = Release|x64
		{D17133CD-0275-4BB5-9740-4D25B6D97601}.AppStore|x86.ActiveCfg = Release|x86
		{D17133CD-0275-4BB5-9740-4D25B6D97601}.AppStore|x86.Build.0 = Release|x86
		{D17133CD-0275-4BB5-9740-4D25B6D97601}.AppStore|x86.Deploy.0 = Release|x86
		{D17133CD-0275-4BB5-9740-4D25B6D97601}.Debug|Any CPU.ActiveCfg = Debug|x86
		{D17133CD-0275-4BB5-9740-4D25B6D97601}.Debug|Any CPU.Build.0 = Debug|x86
		{D17133CD-0275-4BB5-9740-4D25B6D97601}.Debug|Any CPU.Deploy.0 = Debug|x86
		{D17133CD-0275-4BB5-9740-4D25B6D97601}.Debug|ARM.ActiveCfg = Debug|ARM
		{D17133CD-0275-4BB5-9740-4D25B6D97601}.Debug|ARM.Build.0 = Debug|ARM
		{D17133CD-0275-4BB5-9740-4D25B6D97601}.Debug|ARM.Deploy.0 = Debug|ARM
		{D17133CD-0275-4BB5-9740-4D25B6D97601}.Debug|iPhone.ActiveCfg = Debug|x86
		{D17133CD-0275-4BB5-9740-4D25B6D97601}.Debug|iPhone.Build.0 = Debug|x86
		{D17133CD-0275-4BB5-9740-4D25B6D97601}.Debug|iPhone.Deploy.0 = Debug|x86
		{D17133CD-0275-4BB5-9740-4D25B6D97601}.Debug|iPhoneSimulator.ActiveCfg = Debug|x86
		{D17133CD-0275-4BB5-9740-4D25B6D97601}.Debug|iPhoneSimulator.Build.0 = Debug|x86
		{D17133CD-0275-4BB5-9740-4D25B6D97601}.Debug|iPhoneSimulator.Deploy.0 = Debug|x86
		{D17133CD-0275-4BB5-9740-4D25B6D97601}.Debug|x64.ActiveCfg = Debug|x64
		{D17133CD-0275-4BB5-9740-4D25B6D97601}.Debug|x64.Build.0 = Debug|x64
		{D17133CD-0275-4BB5-9740-4D25B6D97601}.Debug|x64.Deploy.0 = Debug|x64
		{D17133CD-0275-4BB5-9740-4D25B6D97601}.Debug|x86.ActiveCfg = Debug|x86
		{D17133CD-0275-4BB5-9740-4D25B6D97601}.Debug|x86.Build.0 = Debug|x86
		{D17133CD-0275-4BB5-9740-4D25B6D97601}.Debug|x86.Deploy.0 = Debug|x86
		{D17133CD-0275-4BB5-9740-4D25B6D97601}.Release|Any CPU.ActiveCfg = Release|x86
		{D17133CD-0275-4BB5-9740-4D25B6D97601}.Release|Any CPU.Build.0 = Release|x86
		{D17133CD-0275-4BB5-9740-4D25B6D97601}.Release|Any CPU.Deploy.0 = Release|x86
		{D17133CD-0275-4BB5-9740-4D25B6D97601}.Release|ARM.ActiveCfg = Release|ARM
		{D17133CD-0275-4BB5-9740-4D25B6D97601}.Release|ARM.Build.0 = Release|ARM
		{D17133CD-0275-4BB5-9740-4D25B6D97601}.Release|ARM.Deploy.0 = Release|ARM
		{D17133CD-0275-4BB5-9740-4D25B6D97601}.Release|iPhone.ActiveCfg = Release|x86
		{D17133CD-0275-4BB5-9740-4D25B6D97601}.Release|iPhone.Build.0 = Release|x86
		{D17133CD-0275-4BB5-9740-4D25B6D97601}.Release|iPhone.Deploy.0 = Release|x86
		{D17133CD-0275-4BB5-9740-4D25B6D97601}.Release|iPhoneSimulator.ActiveCfg = Release|x86
		{D17133CD-0275-4BB5-9740-4D25B6D97601}.Release|iPhoneSimulator.Build.0 = Release|x86
		{D17133CD-0275-4BB5-9740-4D25B6D97601}.Release|iPhoneSimulator.Deploy.0 = Release|x86
		{D17133CD-0275-4BB5-9740-4D25B6D97601}.Release|x64.ActiveCfg = Release|x64
		{D17133CD-0275-4BB5-9740-4D25B6D97601}.Release|x64.Build.0 = Release|x64
		{D17133CD-0275-4BB5-9740-4D25B6D97601}.Release|x64.Deploy.0 = Release|x64
		{D17133CD-0275-4BB5-9740-4D25B6D97601}.Release|x86.ActiveCfg = Release|x86
		{D17133CD-0275-4BB5-9740-4D25B6D97601}.Release|x86.Build.0 = Release|x86
		{D17133CD-0275-4BB5-9740-4D25B6D97601}.Release|x86.Deploy.0 = Release|x86
		{F2AFF3BC-77E6-4C3E-BFE4-765E8F99849E}.Ad-Hoc|Any CPU.ActiveCfg = Debug|Any CPU
		{F2AFF3BC-77E6-4C3E-BFE4-765E8F99849E}.Ad-Hoc|Any CPU.Build.0 = Debug|Any CPU
		{F2AFF3BC-77E6-4C3E-BFE4-765E8F99849E}.Ad-Hoc|Any CPU.Deploy.0 = Debug|Any CPU
		{F2AFF3BC-77E6-4C3E-BFE4-765E8F99849E}.Ad-Hoc|ARM.ActiveCfg = Debug|Any CPU
		{F2AFF3BC-77E6-4C3E-BFE4-765E8F99849E}.Ad-Hoc|ARM.Build.0 = Debug|Any CPU
		{F2AFF3BC-77E6-4C3E-BFE4-765E8F99849E}.Ad-Hoc|ARM.Deploy.0 = Debug|Any CPU
		{F2AFF3BC-77E6-4C3E-BFE4-765E8F99849E}.Ad-Hoc|iPhone.ActiveCfg = Debug|Any CPU
		{F2AFF3BC-77E6-4C3E-BFE4-765E8F99849E}.Ad-Hoc|iPhone.Build.0 = Debug|Any CPU
		{F2AFF3BC-77E6-4C3E-BFE4-765E8F99849E}.Ad-Hoc|iPhone.Deploy.0 = Debug|Any CPU
		{F2AFF3BC-77E6-4C3E-BFE4-765E8F99849E}.Ad-Hoc|iPhoneSimulator.ActiveCfg = Debug|Any CPU
		{F2AFF3BC-77E6-4C3E-BFE4-765E8F99849E}.Ad-Hoc|iPhoneSimulator.Build.0 = Debug|Any CPU
		{F2AFF3BC-77E6-4C3E-BFE4-765E8F99849E}.Ad-Hoc|iPhoneSimulator.Deploy.0 = Debug|Any CPU
		{F2AFF3BC-77E6-4C3E-BFE4-765E8F99849E}.Ad-Hoc|x64.ActiveCfg = Debug|Any CPU
		{F2AFF3BC-77E6-4C3E-BFE4-765E8F99849E}.Ad-Hoc|x64.Build.0 = Debug|Any CPU
		{F2AFF3BC-77E6-4C3E-BFE4-765E8F99849E}.Ad-Hoc|x64.Deploy.0 = Debug|Any CPU
		{F2AFF3BC-77E6-4C3E-BFE4-765E8F99849E}.Ad-Hoc|x86.ActiveCfg = Debug|Any CPU
		{F2AFF3BC-77E6-4C3E-BFE4-765E8F99849E}.Ad-Hoc|x86.Build.0 = Debug|Any CPU
		{F2AFF3BC-77E6-4C3E-BFE4-765E8F99849E}.Ad-Hoc|x86.Deploy.0 = Debug|Any CPU
		{F2AFF3BC-77E6-4C3E-BFE4-765E8F99849E}.AppStore|Any CPU.ActiveCfg = Debug|Any CPU
		{F2AFF3BC-77E6-4C3E-BFE4-765E8F99849E}.AppStore|Any CPU.Build.0 = Debug|Any CPU
		{F2AFF3BC-77E6-4C3E-BFE4-765E8F99849E}.AppStore|Any CPU.Deploy.0 = Debug|Any CPU
		{F2AFF3BC-77E6-4C3E-BFE4-765E8F99849E}.AppStore|ARM.ActiveCfg = Debug|Any CPU
		{F2AFF3BC-77E6-4C3E-BFE4-765E8F99849E}.AppStore|ARM.Build.0 = Debug|Any CPU
		{F2AFF3BC-77E6-4C3E-BFE4-765E8F99849E}.AppStore|ARM.Deploy.0 = Debug|Any CPU
		{F2AFF3BC-77E6-4C3E-BFE4-765E8F99849E}.AppStore|iPhone.ActiveCfg = Debug|Any CPU
		{F2AFF3BC-77E6-4C3E-BFE4-765E8F99849E}.AppStore|iPhone.Build.0 = Debug|Any CPU
		{F2AFF3BC-77E6-4C3E-BFE4-765E8F99849E}.AppStore|iPhone.Deploy.0 = Debug|Any CPU
		{F2AFF3BC-77E6-4C3E-BFE4-765E8F99849E}.AppStore|iPhoneSimulator.ActiveCfg = Debug|Any CPU
		{F2AFF3BC-77E6-4C3E-BFE4-765E8F99849E}.AppStore|iPhoneSimulator.Build.0 = Debug|Any CPU
		{F2AFF3BC-77E6-4C3E-BFE4-765E8F99849E}.AppStore|iPhoneSimulator.Deploy.0 = Debug|Any CPU
		{F2AFF3BC-77E6-4C3E-BFE4-765E8F99849E}.AppStore|x64.ActiveCfg = Debug|Any CPU
		{F2AFF3BC-77E6-4C3E-BFE4-765E8F99849E}.AppStore|x64.Build.0 = Debug|Any CPU
		{F2AFF3BC-77E6-4C3E-BFE4-765E8F99849E}.AppStore|x64.Deploy.0 = Debug|Any CPU
		{F2AFF3BC-77E6-4C3E-BFE4-765E8F99849E}.AppStore|x86.ActiveCfg = Debug|Any CPU
		{F2AFF3BC-77E6-4C3E-BFE4-765E8F99849E}.AppStore|x86.Build.0 = Debug|Any CPU
		{F2AFF3BC-77E6-4C3E-BFE4-765E8F99849E}.AppStore|x86.Deploy.0 = Debug|Any CPU
		{F2AFF3BC-77E6-4C3E-BFE4-765E8F99849E}.Debug|Any CPU.ActiveCfg = Debug|Any CPU
		{F2AFF3BC-77E6-4C3E-BFE4-765E8F99849E}.Debug|Any CPU.Build.0 = Debug|Any CPU
		{F2AFF3BC-77E6-4C3E-BFE4-765E8F99849E}.Debug|Any CPU.Deploy.0 = Debug|Any CPU
		{F2AFF3BC-77E6-4C3E-BFE4-765E8F99849E}.Debug|ARM.ActiveCfg = Debug|Any CPU
		{F2AFF3BC-77E6-4C3E-BFE4-765E8F99849E}.Debug|ARM.Build.0 = Debug|Any CPU
		{F2AFF3BC-77E6-4C3E-BFE4-765E8F99849E}.Debug|ARM.Deploy.0 = Debug|Any CPU
		{F2AFF3BC-77E6-4C3E-BFE4-765E8F99849E}.Debug|iPhone.ActiveCfg = Debug|Any CPU
		{F2AFF3BC-77E6-4C3E-BFE4-765E8F99849E}.Debug|iPhone.Build.0 = Debug|Any CPU
		{F2AFF3BC-77E6-4C3E-BFE4-765E8F99849E}.Debug|iPhone.Deploy.0 = Debug|Any CPU
		{F2AFF3BC-77E6-4C3E-BFE4-765E8F99849E}.Debug|iPhoneSimulator.ActiveCfg = Debug|Any CPU
		{F2AFF3BC-77E6-4C3E-BFE4-765E8F99849E}.Debug|iPhoneSimulator.Build.0 = Debug|Any CPU
		{F2AFF3BC-77E6-4C3E-BFE4-765E8F99849E}.Debug|iPhoneSimulator.Deploy.0 = Debug|Any CPU
		{F2AFF3BC-77E6-4C3E-BFE4-765E8F99849E}.Debug|x64.ActiveCfg = Debug|Any CPU
		{F2AFF3BC-77E6-4C3E-BFE4-765E8F99849E}.Debug|x64.Build.0 = Debug|Any CPU
		{F2AFF3BC-77E6-4C3E-BFE4-765E8F99849E}.Debug|x64.Deploy.0 = Debug|Any CPU
		{F2AFF3BC-77E6-4C3E-BFE4-765E8F99849E}.Debug|x86.ActiveCfg = Debug|Any CPU
		{F2AFF3BC-77E6-4C3E-BFE4-765E8F99849E}.Debug|x86.Build.0 = Debug|Any CPU
		{F2AFF3BC-77E6-4C3E-BFE4-765E8F99849E}.Debug|x86.Deploy.0 = Debug|Any CPU
		{F2AFF3BC-77E6-4C3E-BFE4-765E8F99849E}.Release|Any CPU.ActiveCfg = Release|Any CPU
		{F2AFF3BC-77E6-4C3E-BFE4-765E8F99849E}.Release|Any CPU.Build.0 = Release|Any CPU
		{F2AFF3BC-77E6-4C3E-BFE4-765E8F99849E}.Release|Any CPU.Deploy.0 = Release|Any CPU
		{F2AFF3BC-77E6-4C3E-BFE4-765E8F99849E}.Release|ARM.ActiveCfg = Release|Any CPU
		{F2AFF3BC-77E6-4C3E-BFE4-765E8F99849E}.Release|ARM.Build.0 = Release|Any CPU
		{F2AFF3BC-77E6-4C3E-BFE4-765E8F99849E}.Release|ARM.Deploy.0 = Release|Any CPU
		{F2AFF3BC-77E6-4C3E-BFE4-765E8F99849E}.Release|iPhone.ActiveCfg = Release|Any CPU
		{F2AFF3BC-77E6-4C3E-BFE4-765E8F99849E}.Release|iPhone.Build.0 = Release|Any CPU
		{F2AFF3BC-77E6-4C3E-BFE4-765E8F99849E}.Release|iPhone.Deploy.0 = Release|Any CPU
		{F2AFF3BC-77E6-4C3E-BFE4-765E8F99849E}.Release|iPhoneSimulator.ActiveCfg = Release|Any CPU
		{F2AFF3BC-77E6-4C3E-BFE4-765E8F99849E}.Release|iPhoneSimulator.Build.0 = Release|Any CPU
		{F2AFF3BC-77E6-4C3E-BFE4-765E8F99849E}.Release|iPhoneSimulator.Deploy.0 = Release|Any CPU
		{F2AFF3BC-77E6-4C3E-BFE4-765E8F99849E}.Release|x64.ActiveCfg = Release|Any CPU
		{F2AFF3BC-77E6-4C3E-BFE4-765E8F99849E}.Release|x64.Build.0 = Release|Any CPU
		{F2AFF3BC-77E6-4C3E-BFE4-765E8F99849E}.Release|x64.Deploy.0 = Release|Any CPU
		{F2AFF3BC-77E6-4C3E-BFE4-765E8F99849E}.Release|x86.ActiveCfg = Release|Any CPU
		{F2AFF3BC-77E6-4C3E-BFE4-765E8F99849E}.Release|x86.Build.0 = Release|Any CPU
		{F2AFF3BC-77E6-4C3E-BFE4-765E8F99849E}.Release|x86.Deploy.0 = Release|Any CPU
	EndGlobalSection
	GlobalSection(SolutionProperties) = preSolution
		HideSolutionNode = FALSE
	EndGlobalSection
	GlobalSection(ExtensibilityGlobals) = postSolution
		SolutionGuid = {8C0075A1-0B97-40D0-9989-72204AACC92F}
	EndGlobalSection
EndGlobal
